
Microsoft Visual Studio Solution File, Format Version 12.00
# Visual Studio Version 16
VisualStudioVersion = 16.0.29709.97
MinimumVisualStudioVersion = 10.0.40219.1
Project("{8BC9CEB8-8B4A-11D0-8D11-00A0C91BC942}") = "StdLivCompiling2012", "StdLivCompiling2012\StdLivCompiling2012.vcxproj", "{4AF7873A-23F2-4CE6-8820-215C48DB91FD}"
EndProject
Project("{8BC9CEB8-8B4A-11D0-8D11-00A0C91BC942}") = "BulletDynamics", "bullet-2.8.2\BulletDynamics\BulletDynamics.vcxproj", "{5255307E-CE0B-3D57-B60E-B4B67318EFA5}"
EndProject
Project("{8BC9CEB8-8B4A-11D0-8D11-00A0C91BC942}") = "BulletCollision", "bullet-2.8.2\BulletCollision\BulletCollision.vcxproj", "{D5E29C1E-18DC-372A-8D8F-38AB429B6559}"
EndProject
Project("{2150E333-8FDC-42A3-9474-1A3956D46DE8}") = "bullet-2.8.2", "bullet-2.8.2", "{110453A1-4246-42E2-BDAC-7CE8A4C228EF}"
EndProject
Project("{8BC9CEB8-8B4A-11D0-8D11-00A0C91BC942}") = "LinearMath", "bullet-2.8.2\LinearMath\LinearMath.vcxproj", "{001BADF6-8E20-3CC8-9A7E-4D13D962D094}"
EndProject
Project("{2150E333-8FDC-42A3-9474-1A3956D46DE8}") = "bullet-2.8.6", "bullet-2.8.6", "{E73837B7-3932-430D-A16A-51903B8E7860}"
EndProject
Project("{8BC9CEB8-8B4A-11D0-8D11-00A0C91BC942}") = "LinearMath", "bullet-2.8.6\LinearMath\LinearMath.vcxproj", "{C54C1FF3-7709-3930-BD91-E962D14F24FE}"
EndProject
Project("{8BC9CEB8-8B4A-11D0-8D11-00A0C91BC942}") = "BulletDynamics", "bullet-2.8.6\BulletDynamics\BulletDynamics.vcxproj", "{1755C060-61BE-3B0B-A74F-C4510747A7F6}"
EndProject
Project("{8BC9CEB8-8B4A-11D0-8D11-00A0C91BC942}") = "BulletCollision", "bullet-2.8.6\BulletCollision\BulletCollision.vcxproj", "{4EF318CD-C353-36F6-AB2F-C2912F7487EF}"
EndProject
Project("{2150E333-8FDC-42A3-9474-1A3956D46DE8}") = "bullet-2.7.5", "bullet-2.7.5", "{3C6161BE-80FD-4D3A-83DC-AB2FA21FA379}"
EndProject
Project("{8BC9CEB8-8B4A-11D0-8D11-00A0C91BC942}") = "LinearMath", "bullet-2.7.5\LinearMath\LinearMath.vcxproj", "{E321D727-8589-3731-9890-292194ACC6C2}"
EndProject
Project("{8BC9CEB8-8B4A-11D0-8D11-00A0C91BC942}") = "BulletCollision", "bullet-2.7.5\BulletCollision\BulletCollision.vcxproj", "{268D042A-6628-3950-9BE0-2AEAC39B9151}"
EndProject
Project("{8BC9CEB8-8B4A-11D0-8D11-00A0C91BC942}") = "BulletDynamics", "bullet-2.7.5\BulletDynamics\BulletDynamics.vcxproj", "{26CDB6EF-AF65-3F93-92DF-7614C6F84E3E}"
EndProject
Global
	GlobalSection(SolutionConfigurationPlatforms) = preSolution
		Debug|x64 = Debug|x64
		Debug|x86 = Debug|x86
		MinSizeRel|x64 = MinSizeRel|x64
		MinSizeRel|x86 = MinSizeRel|x86
		Release|x64 = Release|x64
		Release|x86 = Release|x86
		RelWithDebInfo|x64 = RelWithDebInfo|x64
		RelWithDebInfo|x86 = RelWithDebInfo|x86
	EndGlobalSection
	GlobalSection(ProjectConfigurationPlatforms) = postSolution
		{4AF7873A-23F2-4CE6-8820-215C48DB91FD}.Debug|x64.ActiveCfg = Debug|x64
		{4AF7873A-23F2-4CE6-8820-215C48DB91FD}.Debug|x64.Build.0 = Debug|x64
		{4AF7873A-23F2-4CE6-8820-215C48DB91FD}.Debug|x86.ActiveCfg = Debug|Win32
		{4AF7873A-23F2-4CE6-8820-215C48DB91FD}.Debug|x86.Build.0 = Debug|Win32
		{4AF7873A-23F2-4CE6-8820-215C48DB91FD}.MinSizeRel|x64.ActiveCfg = Release|x64
		{4AF7873A-23F2-4CE6-8820-215C48DB91FD}.MinSizeRel|x64.Build.0 = Release|x64
		{4AF7873A-23F2-4CE6-8820-215C48DB91FD}.MinSizeRel|x86.ActiveCfg = Release|Win32
		{4AF7873A-23F2-4CE6-8820-215C48DB91FD}.MinSizeRel|x86.Build.0 = Release|Win32
		{4AF7873A-23F2-4CE6-8820-215C48DB91FD}.Release|x64.ActiveCfg = Release|x64
		{4AF7873A-23F2-4CE6-8820-215C48DB91FD}.Release|x64.Build.0 = Release|x64
		{4AF7873A-23F2-4CE6-8820-215C48DB91FD}.Release|x86.ActiveCfg = Release|Win32
		{4AF7873A-23F2-4CE6-8820-215C48DB91FD}.Release|x86.Build.0 = Release|Win32
		{4AF7873A-23F2-4CE6-8820-215C48DB91FD}.RelWithDebInfo|x64.ActiveCfg = Release|x64
		{4AF7873A-23F2-4CE6-8820-215C48DB91FD}.RelWithDebInfo|x64.Build.0 = Release|x64
		{4AF7873A-23F2-4CE6-8820-215C48DB91FD}.RelWithDebInfo|x86.ActiveCfg = Release|Win32
		{4AF7873A-23F2-4CE6-8820-215C48DB91FD}.RelWithDebInfo|x86.Build.0 = Release|Win32
		{5255307E-CE0B-3D57-B60E-B4B67318EFA5}.Debug|x64.ActiveCfg = Debug|x64
		{5255307E-CE0B-3D57-B60E-B4B67318EFA5}.Debug|x64.Build.0 = Debug|x64
		{5255307E-CE0B-3D57-B60E-B4B67318EFA5}.Debug|x86.ActiveCfg = Debug|x64
		{5255307E-CE0B-3D57-B60E-B4B67318EFA5}.MinSizeRel|x64.ActiveCfg = MinSizeRel|x64
		{5255307E-CE0B-3D57-B60E-B4B67318EFA5}.MinSizeRel|x64.Build.0 = MinSizeRel|x64
		{5255307E-CE0B-3D57-B60E-B4B67318EFA5}.MinSizeRel|x86.ActiveCfg = MinSizeRel|x64
		{5255307E-CE0B-3D57-B60E-B4B67318EFA5}.Release|x64.ActiveCfg = Release|x64
		{5255307E-CE0B-3D57-B60E-B4B67318EFA5}.Release|x64.Build.0 = Release|x64
		{5255307E-CE0B-3D57-B60E-B4B67318EFA5}.Release|x86.ActiveCfg = Release|x64
		{5255307E-CE0B-3D57-B60E-B4B67318EFA5}.RelWithDebInfo|x64.ActiveCfg = RelWithDebInfo|x64
		{5255307E-CE0B-3D57-B60E-B4B67318EFA5}.RelWithDebInfo|x64.Build.0 = RelWithDebInfo|x64
		{5255307E-CE0B-3D57-B60E-B4B67318EFA5}.RelWithDebInfo|x86.ActiveCfg = RelWithDebInfo|x64
		{D5E29C1E-18DC-372A-8D8F-38AB429B6559}.Debug|x64.ActiveCfg = Debug|x64
		{D5E29C1E-18DC-372A-8D8F-38AB429B6559}.Debug|x64.Build.0 = Debug|x64
		{D5E29C1E-18DC-372A-8D8F-38AB429B6559}.Debug|x86.ActiveCfg = Debug|x64
		{D5E29C1E-18DC-372A-8D8F-38AB429B6559}.MinSizeRel|x64.ActiveCfg = MinSizeRel|x64
		{D5E29C1E-18DC-372A-8D8F-38AB429B6559}.MinSizeRel|x64.Build.0 = MinSizeRel|x64
		{D5E29C1E-18DC-372A-8D8F-38AB429B6559}.MinSizeRel|x86.ActiveCfg = MinSizeRel|x64
		{D5E29C1E-18DC-372A-8D8F-38AB429B6559}.Release|x64.ActiveCfg = Release|x64
		{D5E29C1E-18DC-372A-8D8F-38AB429B6559}.Release|x64.Build.0 = Release|x64
		{D5E29C1E-18DC-372A-8D8F-38AB429B6559}.Release|x86.ActiveCfg = Release|x64
		{D5E29C1E-18DC-372A-8D8F-38AB429B6559}.RelWithDebInfo|x64.ActiveCfg = RelWithDebInfo|x64
		{D5E29C1E-18DC-372A-8D8F-38AB429B6559}.RelWithDebInfo|x64.Build.0 = RelWithDebInfo|x64
		{D5E29C1E-18DC-372A-8D8F-38AB429B6559}.RelWithDebInfo|x86.ActiveCfg = RelWithDebInfo|x64
		{001BADF6-8E20-3CC8-9A7E-4D13D962D094}.Debug|x64.ActiveCfg = Debug|x64
		{001BADF6-8E20-3CC8-9A7E-4D13D962D094}.Debug|x64.Build.0 = Debug|x64
		{001BADF6-8E20-3CC8-9A7E-4D13D962D094}.Debug|x86.ActiveCfg = Debug|x64
		{001BADF6-8E20-3CC8-9A7E-4D13D962D094}.MinSizeRel|x64.ActiveCfg = MinSizeRel|x64
		{001BADF6-8E20-3CC8-9A7E-4D13D962D094}.MinSizeRel|x64.Build.0 = MinSizeRel|x64
		{001BADF6-8E20-3CC8-9A7E-4D13D962D094}.MinSizeRel|x86.ActiveCfg = MinSizeRel|x64
		{001BADF6-8E20-3CC8-9A7E-4D13D962D094}.Release|x64.ActiveCfg = Release|x64
		{001BADF6-8E20-3CC8-9A7E-4D13D962D094}.Release|x64.Build.0 = Release|x64
		{001BADF6-8E20-3CC8-9A7E-4D13D962D094}.Release|x86.ActiveCfg = Release|x64
		{001BADF6-8E20-3CC8-9A7E-4D13D962D094}.RelWithDebInfo|x64.ActiveCfg = RelWithDebInfo|x64
		{001BADF6-8E20-3CC8-9A7E-4D13D962D094}.RelWithDebInfo|x64.Build.0 = RelWithDebInfo|x64
		{001BADF6-8E20-3CC8-9A7E-4D13D962D094}.RelWithDebInfo|x86.ActiveCfg = RelWithDebInfo|x64
		{C54C1FF3-7709-3930-BD91-E962D14F24FE}.Debug|x64.ActiveCfg = Debug|x64
		{C54C1FF3-7709-3930-BD91-E962D14F24FE}.Debug|x64.Build.0 = Debug|x64
		{C54C1FF3-7709-3930-BD91-E962D14F24FE}.Debug|x86.ActiveCfg = Debug|x64
		{C54C1FF3-7709-3930-BD91-E962D14F24FE}.MinSizeRel|x64.ActiveCfg = MinSizeRel|x64
		{C54C1FF3-7709-3930-BD91-E962D14F24FE}.MinSizeRel|x64.Build.0 = MinSizeRel|x64
		{C54C1FF3-7709-3930-BD91-E962D14F24FE}.MinSizeRel|x86.ActiveCfg = MinSizeRel|x64
		{C54C1FF3-7709-3930-BD91-E962D14F24FE}.Release|x64.ActiveCfg = Release|x64
		{C54C1FF3-7709-3930-BD91-E962D14F24FE}.Release|x64.Build.0 = Release|x64
		{C54C1FF3-7709-3930-BD91-E962D14F24FE}.Release|x86.ActiveCfg = Release|x64
		{C54C1FF3-7709-3930-BD91-E962D14F24FE}.RelWithDebInfo|x64.ActiveCfg = RelWithDebInfo|x64
		{C54C1FF3-7709-3930-BD91-E962D14F24FE}.RelWithDebInfo|x64.Build.0 = RelWithDebInfo|x64
		{C54C1FF3-7709-3930-BD91-E962D14F24FE}.RelWithDebInfo|x86.ActiveCfg = RelWithDebInfo|x64
		{1755C060-61BE-3B0B-A74F-C4510747A7F6}.Debug|x64.ActiveCfg = Debug|x64
		{1755C060-61BE-3B0B-A74F-C4510747A7F6}.Debug|x64.Build.0 = Debug|x64
		{1755C060-61BE-3B0B-A74F-C4510747A7F6}.Debug|x86.ActiveCfg = Debug|x64
		{1755C060-61BE-3B0B-A74F-C4510747A7F6}.MinSizeRel|x64.ActiveCfg = MinSizeRel|x64
		{1755C060-61BE-3B0B-A74F-C4510747A7F6}.MinSizeRel|x64.Build.0 = MinSizeRel|x64
		{1755C060-61BE-3B0B-A74F-C4510747A7F6}.MinSizeRel|x86.ActiveCfg = MinSizeRel|x64
		{1755C060-61BE-3B0B-A74F-C4510747A7F6}.Release|x64.ActiveCfg = Release|x64
		{1755C060-61BE-3B0B-A74F-C4510747A7F6}.Release|x64.Build.0 = Release|x64
		{1755C060-61BE-3B0B-A74F-C4510747A7F6}.Release|x86.ActiveCfg = Release|x64
		{1755C060-61BE-3B0B-A74F-C4510747A7F6}.RelWithDebInfo|x64.ActiveCfg = RelWithDebInfo|x64
		{1755C060-61BE-3B0B-A74F-C4510747A7F6}.RelWithDebInfo|x64.Build.0 = RelWithDebInfo|x64
		{1755C060-61BE-3B0B-A74F-C4510747A7F6}.RelWithDebInfo|x86.ActiveCfg = RelWithDebInfo|x64
		{4EF318CD-C353-36F6-AB2F-C2912F7487EF}.Debug|x64.ActiveCfg = Debug|x64
		{4EF318CD-C353-36F6-AB2F-C2912F7487EF}.Debug|x64.Build.0 = Debug|x64
		{4EF318CD-C353-36F6-AB2F-C2912F7487EF}.Debug|x86.ActiveCfg = Debug|x64
		{4EF318CD-C353-36F6-AB2F-C2912F7487EF}.MinSizeRel|x64.ActiveCfg = MinSizeRel|x64
		{4EF318CD-C353-36F6-AB2F-C2912F7487EF}.MinSizeRel|x64.Build.0 = MinSizeRel|x64
		{4EF318CD-C353-36F6-AB2F-C2912F7487EF}.MinSizeRel|x86.ActiveCfg = MinSizeRel|x64
		{4EF318CD-C353-36F6-AB2F-C2912F7487EF}.Release|x64.ActiveCfg = Release|x64
		{4EF318CD-C353-36F6-AB2F-C2912F7487EF}.Release|x64.Build.0 = Release|x64
		{4EF318CD-C353-36F6-AB2F-C2912F7487EF}.Release|x86.ActiveCfg = Release|x64
		{4EF318CD-C353-36F6-AB2F-C2912F7487EF}.RelWithDebInfo|x64.ActiveCfg = RelWithDebInfo|x64
		{4EF318CD-C353-36F6-AB2F-C2912F7487EF}.RelWithDebInfo|x64.Build.0 = RelWithDebInfo|x64
		{4EF318CD-C353-36F6-AB2F-C2912F7487EF}.RelWithDebInfo|x86.ActiveCfg = RelWithDebInfo|x64
		{E321D727-8589-3731-9890-292194ACC6C2}.Debug|x64.ActiveCfg = Debug|x64
		{E321D727-8589-3731-9890-292194ACC6C2}.Debug|x64.Build.0 = Debug|x64
		{E321D727-8589-3731-9890-292194ACC6C2}.Debug|x86.ActiveCfg = Debug|x64
		{E321D727-8589-3731-9890-292194ACC6C2}.MinSizeRel|x64.ActiveCfg = MinSizeRel|x64
		{E321D727-8589-3731-9890-292194ACC6C2}.MinSizeRel|x64.Build.0 = MinSizeRel|x64
		{E321D727-8589-3731-9890-292194ACC6C2}.MinSizeRel|x86.ActiveCfg = MinSizeRel|x64
		{E321D727-8589-3731-9890-292194ACC6C2}.Release|x64.ActiveCfg = Release|x64
		{E321D727-8589-3731-9890-292194ACC6C2}.Release|x64.Build.0 = Release|x64
		{E321D727-8589-3731-9890-292194ACC6C2}.Release|x86.ActiveCfg = Release|x64
		{E321D727-8589-3731-9890-292194ACC6C2}.RelWithDebInfo|x64.ActiveCfg = RelWithDebInfo|x64
		{E321D727-8589-3731-9890-292194ACC6C2}.RelWithDebInfo|x64.Build.0 = RelWithDebInfo|x64
		{E321D727-8589-3731-9890-292194ACC6C2}.RelWithDebInfo|x86.ActiveCfg = RelWithDebInfo|x64
		{268D042A-6628-3950-9BE0-2AEAC39B9151}.Debug|x64.ActiveCfg = Debug|x64
		{268D042A-6628-3950-9BE0-2AEAC39B9151}.Debug|x64.Build.0 = Debug|x64
		{268D042A-6628-3950-9BE0-2AEAC39B9151}.Debug|x86.ActiveCfg = Debug|x64
		{268D042A-6628-3950-9BE0-2AEAC39B9151}.MinSizeRel|x64.ActiveCfg = MinSizeRel|x64
		{268D042A-6628-3950-9BE0-2AEAC39B9151}.MinSizeRel|x64.Build.0 = MinSizeRel|x64
		{268D042A-6628-3950-9BE0-2AEAC39B9151}.MinSizeRel|x86.ActiveCfg = MinSizeRel|x64
		{268D042A-6628-3950-9BE0-2AEAC39B9151}.Release|x64.ActiveCfg = Release|x64
		{268D042A-6628-3950-9BE0-2AEAC39B9151}.Release|x64.Build.0 = Release|x64
		{268D042A-6628-3950-9BE0-2AEAC39B9151}.Release|x86.ActiveCfg = Release|x64
		{268D042A-6628-3950-9BE0-2AEAC39B9151}.RelWithDebInfo|x64.ActiveCfg = RelWithDebInfo|x64
		{268D042A-6628-3950-9BE0-2AEAC39B9151}.RelWithDebInfo|x64.Build.0 = RelWithDebInfo|x64
		{268D042A-6628-3950-9BE0-2AEAC39B9151}.RelWithDebInfo|x86.ActiveCfg = RelWithDebInfo|x64
		{26CDB6EF-AF65-3F93-92DF-7614C6F84E3E}.Debug|x64.ActiveCfg = Debug|x64
		{26CDB6EF-AF65-3F93-92DF-7614C6F84E3E}.Debug|x64.Build.0 = Debug|x64
		{26CDB6EF-AF65-3F93-92DF-7614C6F84E3E}.Debug|x86.ActiveCfg = Debug|x64
		{26CDB6EF-AF65-3F93-92DF-7614C6F84E3E}.MinSizeRel|x64.ActiveCfg = MinSizeRel|x64
		{26CDB6EF-AF65-3F93-92DF-7614C6F84E3E}.MinSizeRel|x64.Build.0 = MinSizeRel|x64
		{26CDB6EF-AF65-3F93-92DF-7614C6F84E3E}.MinSizeRel|x86.ActiveCfg = MinSizeRel|x64
		{26CDB6EF-AF65-3F93-92DF-7614C6F84E3E}.Release|x64.ActiveCfg = Release|x64
		{26CDB6EF-AF65-3F93-92DF-7614C6F84E3E}.Release|x64.Build.0 = Release|x64
		{26CDB6EF-AF65-3F93-92DF-7614C6F84E3E}.Release|x86.ActiveCfg = Release|x64
		{26CDB6EF-AF65-3F93-92DF-7614C6F84E3E}.RelWithDebInfo|x64.ActiveCfg = RelWithDebInfo|x64
		{26CDB6EF-AF65-3F93-92DF-7614C6F84E3E}.RelWithDebInfo|x64.Build.0 = RelWithDebInfo|x64
		{26CDB6EF-AF65-3F93-92DF-7614C6F84E3E}.RelWithDebInfo|x86.ActiveCfg = RelWithDebInfo|x64
	EndGlobalSection
	GlobalSection(SolutionProperties) = preSolution
		HideSolutionNode = FALSE
	EndGlobalSection
	GlobalSection(NestedProjects) = preSolution
		{5255307E-CE0B-3D57-B60E-B4B67318EFA5} = {110453A1-4246-42E2-BDAC-7CE8A4C228EF}
		{D5E29C1E-18DC-372A-8D8F-38AB429B6559} = {110453A1-4246-42E2-BDAC-7CE8A4C228EF}
		{001BADF6-8E20-3CC8-9A7E-4D13D962D094} = {110453A1-4246-42E2-BDAC-7CE8A4C228EF}
		{C54C1FF3-7709-3930-BD91-E962D14F24FE} = {E73837B7-3932-430D-A16A-51903B8E7860}
		{1755C060-61BE-3B0B-A74F-C4510747A7F6} = {E73837B7-3932-430D-A16A-51903B8E7860}
		{4EF318CD-C353-36F6-AB2F-C2912F7487EF} = {E73837B7-3932-430D-A16A-51903B8E7860}
		{E321D727-8589-3731-9890-292194ACC6C2} = {3C6161BE-80FD-4D3A-83DC-AB2FA21FA379}
		{268D042A-6628-3950-9BE0-2AEAC39B9151} = {3C6161BE-80FD-4D3A-83DC-AB2FA21FA379}
		{26CDB6EF-AF65-3F93-92DF-7614C6F84E3E} = {3C6161BE-80FD-4D3A-83DC-AB2FA21FA379}
	EndGlobalSection
	GlobalSection(ExtensibilityGlobals) = postSolution
		SolutionGuid = {2426F564-ED54-42F6-BC29-0DE11B196F77}
	EndGlobalSection
EndGlobal
