
Microsoft Visual Studio Solution File, Format Version 12.00
# Visual Studio Version 16
VisualStudioVersion = 16.0.30104.148
MinimumVisualStudioVersion = 10.0.40219.1
Project("{8BC9CEB8-8B4A-11D0-8D11-00A0C91BC942}") = "MultiPlayer", "MultiPlayer\MultiPlayer.vcxproj", "{72207EC2-FF53-409B-8AF4-A41967B50E1F}"
EndProject
Project("{8BC9CEB8-8B4A-11D0-8D11-00A0C91BC942}") = "Test", "Test\Test.vcxproj", "{360C68FE-CCAD-4B1B-B5EF-41774CF5E062}"
EndProject
Project("{8BC9CEB8-8B4A-11D0-8D11-00A0C91BC942}") = "SDA", "SDA\SDA.vcxproj", "{23CF85A3-F05D-4170-806B-CE3BB9F2B6C1}"
EndProject
Project("{8BC9CEB8-8B4A-11D0-8D11-00A0C91BC942}") = "Shared", "Shared\Shared.vcxproj", "{758312D5-E6A0-40E8-B492-7FA90CDF1072}"
EndProject
Project("{8BC9CEB8-8B4A-11D0-8D11-00A0C91BC942}") = "GUI", "GUI\GUI.vcxproj", "{97C790B9-86A6-4F2A-A15A-8EA151B8D9D7}"
EndProject
Project("{2150E333-8FDC-42A3-9474-1A3956D46DE8}") = "GTA5", "GTA5", "{F9DAF2AD-66BD-481E-B54B-D3D437F73871}"
EndProject
Project("{2150E333-8FDC-42A3-9474-1A3956D46DE8}") = "Shared", "Shared", "{47B2131D-21E9-4660-A788-6BDFB3F08CF4}"
EndProject
Project("{2150E333-8FDC-42A3-9474-1A3956D46DE8}") = "Other", "Other", "{E5B88D4C-8E19-4011-8761-383054A6E859}"
EndProject
Project("{8BC9CEB8-8B4A-11D0-8D11-00A0C91BC942}") = "GTAV_Launcher", "Injector\InjectorDLL2\InjectorDLL2.vcxproj", "{303CB2B0-88DA-45F8-B911-28C4103CC055}"
EndProject
Project("{8BC9CEB8-8B4A-11D0-8D11-00A0C91BC942}") = "GTAV_Loader", "GTAV_Loader\GTAV.vcxproj", "{C2797508-3962-444D-A101-082A3A06390B}"
EndProject
Project("{2150E333-8FDC-42A3-9474-1A3956D46DE8}") = "Helpers", "Helpers", "{AF29151C-2C64-40DB-AF99-6294F4A4E33B}"
EndProject
Project("{8BC9CEB8-8B4A-11D0-8D11-00A0C91BC942}") = "libMinHook", "SDA\Vendor\minhook\build\VC15\libMinHook.vcxproj", "{F142A341-5EE0-442D-A15F-98AE9B48DBAE}"
EndProject
Project("{2150E333-8FDC-42A3-9474-1A3956D46DE8}") = "WinDbg", "WinDbg", "{CD8D3B3E-71BA-48E7-823D-A93E85BA7E78}"
EndProject
Project("{8BC9CEB8-8B4A-11D0-8D11-00A0C91BC942}") = "Debugger", "SDA\Debugger\Debugger\Debugger.vcxproj", "{DA12D044-9190-4772-A12E-1DA9A1172E1E}"
EndProject
Project("{8BC9CEB8-8B4A-11D0-8D11-00A0C91BC942}") = "Test", "SDA\Debugger\Test\Test.vcxproj", "{DC8778CE-A7B0-4C83-806E-5154323B0555}"
EndProject
Project("{8BC9CEB8-8B4A-11D0-8D11-00A0C91BC942}") = "FuzzwareDBG(view only)", "SDA\Debugger\FuzzwareDBG\FuzzwareDBG.vcxproj", "{FE497205-CAF2-44D0-95F5-727E2F76E2B7}"
EndProject
Project("{8BC9CEB8-8B4A-11D0-8D11-00A0C91BC942}") = "pykd(view only)", "SDA\Debugger\pykd\pykd\pykd.vcxproj", "{C0A12E93-4B76-4B17-B837-37020F957AD2}"
EndProject
Project("{8BC9CEB8-8B4A-11D0-8D11-00A0C91BC942}") = "TestCodeToDecompile", "TestCodeToDecompile\TestCodeToDecompile.vcxproj", "{C980D5DD-89DB-456A-A223-B124E5CD8E91}"
EndProject
Global
	GlobalSection(SolutionConfigurationPlatforms) = preSolution
		Debug|ARM = Debug|ARM
		Debug|x64 = Debug|x64
		Debug|x86 = Debug|x86
		DebugExe|ARM = DebugExe|ARM
		DebugExe|x64 = DebugExe|x64
		DebugExe|x86 = DebugExe|x86
		Release|ARM = Release|ARM
		Release|x64 = Release|x64
		Release|x86 = Release|x86
		ReleaseExe|ARM = ReleaseExe|ARM
		ReleaseExe|x64 = ReleaseExe|x64
		ReleaseExe|x86 = ReleaseExe|x86
	EndGlobalSection
	GlobalSection(ProjectConfigurationPlatforms) = postSolution
		{72207EC2-FF53-409B-8AF4-A41967B50E1F}.Debug|ARM.ActiveCfg = Debug|x64
		{72207EC2-FF53-409B-8AF4-A41967B50E1F}.Debug|x64.ActiveCfg = Debug|x64
		{72207EC2-FF53-409B-8AF4-A41967B50E1F}.Debug|x64.Build.0 = Debug|x64
		{72207EC2-FF53-409B-8AF4-A41967B50E1F}.Debug|x86.ActiveCfg = Debug|x64
		{72207EC2-FF53-409B-8AF4-A41967B50E1F}.DebugExe|ARM.ActiveCfg = Release|x64
		{72207EC2-FF53-409B-8AF4-A41967B50E1F}.DebugExe|ARM.Build.0 = Release|x64
		{72207EC2-FF53-409B-8AF4-A41967B50E1F}.DebugExe|x64.ActiveCfg = Debug|x64
		{72207EC2-FF53-409B-8AF4-A41967B50E1F}.DebugExe|x64.Build.0 = Debug|x64
		{72207EC2-FF53-409B-8AF4-A41967B50E1F}.DebugExe|x86.ActiveCfg = Release|x64
		{72207EC2-FF53-409B-8AF4-A41967B50E1F}.DebugExe|x86.Build.0 = Release|x64
		{72207EC2-FF53-409B-8AF4-A41967B50E1F}.Release|ARM.ActiveCfg = Release|x64
		{72207EC2-FF53-409B-8AF4-A41967B50E1F}.Release|x64.ActiveCfg = Release|x64
		{72207EC2-FF53-409B-8AF4-A41967B50E1F}.Release|x64.Build.0 = Release|x64
		{72207EC2-FF53-409B-8AF4-A41967B50E1F}.Release|x86.ActiveCfg = Release|x64
		{72207EC2-FF53-409B-8AF4-A41967B50E1F}.ReleaseExe|ARM.ActiveCfg = Release|x64
		{72207EC2-FF53-409B-8AF4-A41967B50E1F}.ReleaseExe|ARM.Build.0 = Release|x64
		{72207EC2-FF53-409B-8AF4-A41967B50E1F}.ReleaseExe|x64.ActiveCfg = Release|x64
		{72207EC2-FF53-409B-8AF4-A41967B50E1F}.ReleaseExe|x64.Build.0 = Release|x64
		{72207EC2-FF53-409B-8AF4-A41967B50E1F}.ReleaseExe|x86.ActiveCfg = Release|x64
		{72207EC2-FF53-409B-8AF4-A41967B50E1F}.ReleaseExe|x86.Build.0 = Release|x64
		{360C68FE-CCAD-4B1B-B5EF-41774CF5E062}.Debug|ARM.ActiveCfg = Debug|x64
		{360C68FE-CCAD-4B1B-B5EF-41774CF5E062}.Debug|x64.ActiveCfg = Debug|x64
		{360C68FE-CCAD-4B1B-B5EF-41774CF5E062}.Debug|x64.Build.0 = Debug|x64
		{360C68FE-CCAD-4B1B-B5EF-41774CF5E062}.Debug|x86.ActiveCfg = Debug|x64
		{360C68FE-CCAD-4B1B-B5EF-41774CF5E062}.DebugExe|ARM.ActiveCfg = Release|x64
		{360C68FE-CCAD-4B1B-B5EF-41774CF5E062}.DebugExe|x64.ActiveCfg = Debug|x64
		{360C68FE-CCAD-4B1B-B5EF-41774CF5E062}.DebugExe|x86.ActiveCfg = Release|x64
		{360C68FE-CCAD-4B1B-B5EF-41774CF5E062}.Release|ARM.ActiveCfg = Release|x64
		{360C68FE-CCAD-4B1B-B5EF-41774CF5E062}.Release|x64.ActiveCfg = Release|x64
		{360C68FE-CCAD-4B1B-B5EF-41774CF5E062}.Release|x64.Build.0 = Release|x64
		{360C68FE-CCAD-4B1B-B5EF-41774CF5E062}.Release|x86.ActiveCfg = Release|x64
		{360C68FE-CCAD-4B1B-B5EF-41774CF5E062}.ReleaseExe|ARM.ActiveCfg = Release|x64
		{360C68FE-CCAD-4B1B-B5EF-41774CF5E062}.ReleaseExe|x64.ActiveCfg = Release|x64
		{360C68FE-CCAD-4B1B-B5EF-41774CF5E062}.ReleaseExe|x86.ActiveCfg = Release|x64
		{23CF85A3-F05D-4170-806B-CE3BB9F2B6C1}.Debug|ARM.ActiveCfg = ReleaseExe|x64
		{23CF85A3-F05D-4170-806B-CE3BB9F2B6C1}.Debug|ARM.Build.0 = ReleaseExe|x64
		{23CF85A3-F05D-4170-806B-CE3BB9F2B6C1}.Debug|x64.ActiveCfg = DebugExe|x64
		{23CF85A3-F05D-4170-806B-CE3BB9F2B6C1}.Debug|x64.Build.0 = DebugExe|x64
		{23CF85A3-F05D-4170-806B-CE3BB9F2B6C1}.Debug|x86.ActiveCfg = DebugExe|x64
		{23CF85A3-F05D-4170-806B-CE3BB9F2B6C1}.Debug|x86.Build.0 = DebugExe|x64
		{23CF85A3-F05D-4170-806B-CE3BB9F2B6C1}.DebugExe|ARM.ActiveCfg = DebugExe|x64
		{23CF85A3-F05D-4170-806B-CE3BB9F2B6C1}.DebugExe|x64.ActiveCfg = DebugExe|x64
		{23CF85A3-F05D-4170-806B-CE3BB9F2B6C1}.DebugExe|x64.Build.0 = DebugExe|x64
		{23CF85A3-F05D-4170-806B-CE3BB9F2B6C1}.DebugExe|x86.ActiveCfg = DebugExe|x64
		{23CF85A3-F05D-4170-806B-CE3BB9F2B6C1}.Release|ARM.ActiveCfg = Release|x64
		{23CF85A3-F05D-4170-806B-CE3BB9F2B6C1}.Release|x64.ActiveCfg = Release|x64
		{23CF85A3-F05D-4170-806B-CE3BB9F2B6C1}.Release|x64.Build.0 = Release|x64
		{23CF85A3-F05D-4170-806B-CE3BB9F2B6C1}.Release|x86.ActiveCfg = DebugExe|x64
		{23CF85A3-F05D-4170-806B-CE3BB9F2B6C1}.Release|x86.Build.0 = DebugExe|x64
		{23CF85A3-F05D-4170-806B-CE3BB9F2B6C1}.ReleaseExe|ARM.ActiveCfg = ReleaseExe|x64
		{23CF85A3-F05D-4170-806B-CE3BB9F2B6C1}.ReleaseExe|x64.ActiveCfg = ReleaseExe|x64
		{23CF85A3-F05D-4170-806B-CE3BB9F2B6C1}.ReleaseExe|x64.Build.0 = ReleaseExe|x64
		{23CF85A3-F05D-4170-806B-CE3BB9F2B6C1}.ReleaseExe|x86.ActiveCfg = ReleaseExe|x64
		{758312D5-E6A0-40E8-B492-7FA90CDF1072}.Debug|ARM.ActiveCfg = Debug|x64
		{758312D5-E6A0-40E8-B492-7FA90CDF1072}.Debug|x64.ActiveCfg = Debug|x64
		{758312D5-E6A0-40E8-B492-7FA90CDF1072}.Debug|x64.Build.0 = Debug|x64
		{758312D5-E6A0-40E8-B492-7FA90CDF1072}.Debug|x86.ActiveCfg = Debug|x64
		{758312D5-E6A0-40E8-B492-7FA90CDF1072}.DebugExe|ARM.ActiveCfg = Release|x64
		{758312D5-E6A0-40E8-B492-7FA90CDF1072}.DebugExe|x64.ActiveCfg = Debug|x64
		{758312D5-E6A0-40E8-B492-7FA90CDF1072}.DebugExe|x86.ActiveCfg = Release|x64
		{758312D5-E6A0-40E8-B492-7FA90CDF1072}.Release|ARM.ActiveCfg = Release|x64
		{758312D5-E6A0-40E8-B492-7FA90CDF1072}.Release|x64.ActiveCfg = Release|x64
		{758312D5-E6A0-40E8-B492-7FA90CDF1072}.Release|x64.Build.0 = Release|x64
		{758312D5-E6A0-40E8-B492-7FA90CDF1072}.Release|x86.ActiveCfg = Release|x64
		{758312D5-E6A0-40E8-B492-7FA90CDF1072}.ReleaseExe|ARM.ActiveCfg = Release|x64
		{758312D5-E6A0-40E8-B492-7FA90CDF1072}.ReleaseExe|x64.ActiveCfg = Release|x64
		{758312D5-E6A0-40E8-B492-7FA90CDF1072}.ReleaseExe|x86.ActiveCfg = Release|x64
		{97C790B9-86A6-4F2A-A15A-8EA151B8D9D7}.Debug|ARM.ActiveCfg = Debug|Win32
		{97C790B9-86A6-4F2A-A15A-8EA151B8D9D7}.Debug|x64.ActiveCfg = Debug|x64
		{97C790B9-86A6-4F2A-A15A-8EA151B8D9D7}.Debug|x64.Build.0 = Debug|x64
		{97C790B9-86A6-4F2A-A15A-8EA151B8D9D7}.Debug|x86.ActiveCfg = Debug|Win32
		{97C790B9-86A6-4F2A-A15A-8EA151B8D9D7}.Debug|x86.Build.0 = Debug|Win32
		{97C790B9-86A6-4F2A-A15A-8EA151B8D9D7}.DebugExe|ARM.ActiveCfg = Release|Win32
		{97C790B9-86A6-4F2A-A15A-8EA151B8D9D7}.DebugExe|ARM.Build.0 = Release|Win32
		{97C790B9-86A6-4F2A-A15A-8EA151B8D9D7}.DebugExe|x64.ActiveCfg = Debug|x64
		{97C790B9-86A6-4F2A-A15A-8EA151B8D9D7}.DebugExe|x64.Build.0 = Debug|x64
		{97C790B9-86A6-4F2A-A15A-8EA151B8D9D7}.DebugExe|x86.ActiveCfg = Debug|Win32
		{97C790B9-86A6-4F2A-A15A-8EA151B8D9D7}.DebugExe|x86.Build.0 = Debug|Win32
		{97C790B9-86A6-4F2A-A15A-8EA151B8D9D7}.Release|ARM.ActiveCfg = Release|Win32
		{97C790B9-86A6-4F2A-A15A-8EA151B8D9D7}.Release|x64.ActiveCfg = Release|x64
		{97C790B9-86A6-4F2A-A15A-8EA151B8D9D7}.Release|x64.Build.0 = Release|x64
		{97C790B9-86A6-4F2A-A15A-8EA151B8D9D7}.Release|x86.ActiveCfg = Release|Win32
		{97C790B9-86A6-4F2A-A15A-8EA151B8D9D7}.Release|x86.Build.0 = Release|Win32
		{97C790B9-86A6-4F2A-A15A-8EA151B8D9D7}.ReleaseExe|ARM.ActiveCfg = Release|Win32
		{97C790B9-86A6-4F2A-A15A-8EA151B8D9D7}.ReleaseExe|ARM.Build.0 = Release|Win32
		{97C790B9-86A6-4F2A-A15A-8EA151B8D9D7}.ReleaseExe|x64.ActiveCfg = Release|x64
		{97C790B9-86A6-4F2A-A15A-8EA151B8D9D7}.ReleaseExe|x64.Build.0 = Release|x64
		{97C790B9-86A6-4F2A-A15A-8EA151B8D9D7}.ReleaseExe|x86.ActiveCfg = Release|Win32
		{97C790B9-86A6-4F2A-A15A-8EA151B8D9D7}.ReleaseExe|x86.Build.0 = Release|Win32
		{303CB2B0-88DA-45F8-B911-28C4103CC055}.Debug|ARM.ActiveCfg = Debug|Win32
		{303CB2B0-88DA-45F8-B911-28C4103CC055}.Debug|x64.ActiveCfg = Debug|x64
		{303CB2B0-88DA-45F8-B911-28C4103CC055}.Debug|x64.Build.0 = Debug|x64
		{303CB2B0-88DA-45F8-B911-28C4103CC055}.Debug|x86.ActiveCfg = Debug|Win32
		{303CB2B0-88DA-45F8-B911-28C4103CC055}.Debug|x86.Build.0 = Debug|Win32
		{303CB2B0-88DA-45F8-B911-28C4103CC055}.DebugExe|ARM.ActiveCfg = Release|x64
		{303CB2B0-88DA-45F8-B911-28C4103CC055}.DebugExe|ARM.Build.0 = Release|x64
		{303CB2B0-88DA-45F8-B911-28C4103CC055}.DebugExe|x64.ActiveCfg = Debug|x64
		{303CB2B0-88DA-45F8-B911-28C4103CC055}.DebugExe|x64.Build.0 = Debug|x64
		{303CB2B0-88DA-45F8-B911-28C4103CC055}.DebugExe|x86.ActiveCfg = Debug|Win32
		{303CB2B0-88DA-45F8-B911-28C4103CC055}.DebugExe|x86.Build.0 = Debug|Win32
		{303CB2B0-88DA-45F8-B911-28C4103CC055}.Release|ARM.ActiveCfg = Release|Win32
		{303CB2B0-88DA-45F8-B911-28C4103CC055}.Release|x64.ActiveCfg = Release|x64
		{303CB2B0-88DA-45F8-B911-28C4103CC055}.Release|x64.Build.0 = Release|x64
		{303CB2B0-88DA-45F8-B911-28C4103CC055}.Release|x86.ActiveCfg = Release|Win32
		{303CB2B0-88DA-45F8-B911-28C4103CC055}.Release|x86.Build.0 = Release|Win32
		{303CB2B0-88DA-45F8-B911-28C4103CC055}.ReleaseExe|ARM.ActiveCfg = Release|x64
		{303CB2B0-88DA-45F8-B911-28C4103CC055}.ReleaseExe|ARM.Build.0 = Release|x64
		{303CB2B0-88DA-45F8-B911-28C4103CC055}.ReleaseExe|x64.ActiveCfg = Release|x64
		{303CB2B0-88DA-45F8-B911-28C4103CC055}.ReleaseExe|x64.Build.0 = Release|x64
		{303CB2B0-88DA-45F8-B911-28C4103CC055}.ReleaseExe|x86.ActiveCfg = Release|Win32
		{303CB2B0-88DA-45F8-B911-28C4103CC055}.ReleaseExe|x86.Build.0 = Release|Win32
		{C2797508-3962-444D-A101-082A3A06390B}.Debug|ARM.ActiveCfg = Debug|ARM
		{C2797508-3962-444D-A101-082A3A06390B}.Debug|ARM.Build.0 = Debug|ARM
		{C2797508-3962-444D-A101-082A3A06390B}.Debug|x64.ActiveCfg = Debug|x64
		{C2797508-3962-444D-A101-082A3A06390B}.Debug|x64.Build.0 = Debug|x64
		{C2797508-3962-444D-A101-082A3A06390B}.Debug|x86.ActiveCfg = Debug|Win32
		{C2797508-3962-444D-A101-082A3A06390B}.Debug|x86.Build.0 = Debug|Win32
		{C2797508-3962-444D-A101-082A3A06390B}.DebugExe|ARM.ActiveCfg = Debug|ARM
		{C2797508-3962-444D-A101-082A3A06390B}.DebugExe|ARM.Build.0 = Debug|ARM
		{C2797508-3962-444D-A101-082A3A06390B}.DebugExe|x64.ActiveCfg = Debug|x64
		{C2797508-3962-444D-A101-082A3A06390B}.DebugExe|x64.Build.0 = Debug|x64
		{C2797508-3962-444D-A101-082A3A06390B}.DebugExe|x86.ActiveCfg = Debug|Win32
		{C2797508-3962-444D-A101-082A3A06390B}.DebugExe|x86.Build.0 = Debug|Win32
		{C2797508-3962-444D-A101-082A3A06390B}.Release|ARM.ActiveCfg = Release|ARM
		{C2797508-3962-444D-A101-082A3A06390B}.Release|ARM.Build.0 = Release|ARM
		{C2797508-3962-444D-A101-082A3A06390B}.Release|x64.ActiveCfg = Release|x64
		{C2797508-3962-444D-A101-082A3A06390B}.Release|x64.Build.0 = Release|x64
		{C2797508-3962-444D-A101-082A3A06390B}.Release|x86.ActiveCfg = Release|Win32
		{C2797508-3962-444D-A101-082A3A06390B}.Release|x86.Build.0 = Release|Win32
		{C2797508-3962-444D-A101-082A3A06390B}.ReleaseExe|ARM.ActiveCfg = Release|ARM
		{C2797508-3962-444D-A101-082A3A06390B}.ReleaseExe|ARM.Build.0 = Release|ARM
		{C2797508-3962-444D-A101-082A3A06390B}.ReleaseExe|x64.ActiveCfg = Release|x64
		{C2797508-3962-444D-A101-082A3A06390B}.ReleaseExe|x64.Build.0 = Release|x64
		{C2797508-3962-444D-A101-082A3A06390B}.ReleaseExe|x86.ActiveCfg = Release|Win32
		{C2797508-3962-444D-A101-082A3A06390B}.ReleaseExe|x86.Build.0 = Release|Win32
		{F142A341-5EE0-442D-A15F-98AE9B48DBAE}.Debug|ARM.ActiveCfg = Debug|Win32
		{F142A341-5EE0-442D-A15F-98AE9B48DBAE}.Debug|x64.ActiveCfg = Debug|x64
		{F142A341-5EE0-442D-A15F-98AE9B48DBAE}.Debug|x64.Build.0 = Debug|x64
		{F142A341-5EE0-442D-A15F-98AE9B48DBAE}.Debug|x86.ActiveCfg = Debug|Win32
		{F142A341-5EE0-442D-A15F-98AE9B48DBAE}.Debug|x86.Build.0 = Debug|Win32
		{F142A341-5EE0-442D-A15F-98AE9B48DBAE}.DebugExe|ARM.ActiveCfg = Release|x64
		{F142A341-5EE0-442D-A15F-98AE9B48DBAE}.DebugExe|ARM.Build.0 = Release|x64
		{F142A341-5EE0-442D-A15F-98AE9B48DBAE}.DebugExe|x64.ActiveCfg = Debug|x64
		{F142A341-5EE0-442D-A15F-98AE9B48DBAE}.DebugExe|x64.Build.0 = Debug|x64
		{F142A341-5EE0-442D-A15F-98AE9B48DBAE}.DebugExe|x86.ActiveCfg = Debug|Win32
		{F142A341-5EE0-442D-A15F-98AE9B48DBAE}.DebugExe|x86.Build.0 = Debug|Win32
		{F142A341-5EE0-442D-A15F-98AE9B48DBAE}.Release|ARM.ActiveCfg = Release|Win32
		{F142A341-5EE0-442D-A15F-98AE9B48DBAE}.Release|x64.ActiveCfg = Release|x64
		{F142A341-5EE0-442D-A15F-98AE9B48DBAE}.Release|x64.Build.0 = Release|x64
		{F142A341-5EE0-442D-A15F-98AE9B48DBAE}.Release|x86.ActiveCfg = Release|Win32
		{F142A341-5EE0-442D-A15F-98AE9B48DBAE}.Release|x86.Build.0 = Release|Win32
		{F142A341-5EE0-442D-A15F-98AE9B48DBAE}.ReleaseExe|ARM.ActiveCfg = Release|x64
		{F142A341-5EE0-442D-A15F-98AE9B48DBAE}.ReleaseExe|ARM.Build.0 = Release|x64
		{F142A341-5EE0-442D-A15F-98AE9B48DBAE}.ReleaseExe|x64.ActiveCfg = Release|x64
		{F142A341-5EE0-442D-A15F-98AE9B48DBAE}.ReleaseExe|x64.Build.0 = Release|x64
		{F142A341-5EE0-442D-A15F-98AE9B48DBAE}.ReleaseExe|x86.ActiveCfg = Release|Win32
		{F142A341-5EE0-442D-A15F-98AE9B48DBAE}.ReleaseExe|x86.Build.0 = Release|Win32
		{DA12D044-9190-4772-A12E-1DA9A1172E1E}.Debug|ARM.ActiveCfg = Debug|Win32
		{DA12D044-9190-4772-A12E-1DA9A1172E1E}.Debug|x64.ActiveCfg = Debug|x64
		{DA12D044-9190-4772-A12E-1DA9A1172E1E}.Debug|x64.Build.0 = Debug|x64
		{DA12D044-9190-4772-A12E-1DA9A1172E1E}.Debug|x86.ActiveCfg = Debug|Win32
		{DA12D044-9190-4772-A12E-1DA9A1172E1E}.Debug|x86.Build.0 = Debug|Win32
		{DA12D044-9190-4772-A12E-1DA9A1172E1E}.DebugExe|ARM.ActiveCfg = Release|Win32
		{DA12D044-9190-4772-A12E-1DA9A1172E1E}.DebugExe|ARM.Build.0 = Release|Win32
		{DA12D044-9190-4772-A12E-1DA9A1172E1E}.DebugExe|x64.ActiveCfg = Debug|x64
		{DA12D044-9190-4772-A12E-1DA9A1172E1E}.DebugExe|x64.Build.0 = Debug|x64
		{DA12D044-9190-4772-A12E-1DA9A1172E1E}.DebugExe|x86.ActiveCfg = Debug|Win32
		{DA12D044-9190-4772-A12E-1DA9A1172E1E}.DebugExe|x86.Build.0 = Debug|Win32
		{DA12D044-9190-4772-A12E-1DA9A1172E1E}.Release|ARM.ActiveCfg = Release|Win32
		{DA12D044-9190-4772-A12E-1DA9A1172E1E}.Release|x64.ActiveCfg = Release|x64
		{DA12D044-9190-4772-A12E-1DA9A1172E1E}.Release|x64.Build.0 = Release|x64
		{DA12D044-9190-4772-A12E-1DA9A1172E1E}.Release|x86.ActiveCfg = Release|Win32
		{DA12D044-9190-4772-A12E-1DA9A1172E1E}.Release|x86.Build.0 = Release|Win32
		{DA12D044-9190-4772-A12E-1DA9A1172E1E}.ReleaseExe|ARM.ActiveCfg = Release|Win32
		{DA12D044-9190-4772-A12E-1DA9A1172E1E}.ReleaseExe|ARM.Build.0 = Release|Win32
		{DA12D044-9190-4772-A12E-1DA9A1172E1E}.ReleaseExe|x64.ActiveCfg = Release|x64
		{DA12D044-9190-4772-A12E-1DA9A1172E1E}.ReleaseExe|x64.Build.0 = Release|x64
		{DA12D044-9190-4772-A12E-1DA9A1172E1E}.ReleaseExe|x86.ActiveCfg = Release|Win32
		{DA12D044-9190-4772-A12E-1DA9A1172E1E}.ReleaseExe|x86.Build.0 = Release|Win32
		{DC8778CE-A7B0-4C83-806E-5154323B0555}.Debug|ARM.ActiveCfg = Debug|Win32
		{DC8778CE-A7B0-4C83-806E-5154323B0555}.Debug|x64.ActiveCfg = Debug|x64
		{DC8778CE-A7B0-4C83-806E-5154323B0555}.Debug|x64.Build.0 = Debug|x64
		{DC8778CE-A7B0-4C83-806E-5154323B0555}.Debug|x86.ActiveCfg = Debug|Win32
		{DC8778CE-A7B0-4C83-806E-5154323B0555}.Debug|x86.Build.0 = Debug|Win32
		{DC8778CE-A7B0-4C83-806E-5154323B0555}.DebugExe|ARM.ActiveCfg = Release|Win32
		{DC8778CE-A7B0-4C83-806E-5154323B0555}.DebugExe|ARM.Build.0 = Release|Win32
		{DC8778CE-A7B0-4C83-806E-5154323B0555}.DebugExe|x64.ActiveCfg = Debug|x64
		{DC8778CE-A7B0-4C83-806E-5154323B0555}.DebugExe|x64.Build.0 = Debug|x64
		{DC8778CE-A7B0-4C83-806E-5154323B0555}.DebugExe|x86.ActiveCfg = Debug|Win32
		{DC8778CE-A7B0-4C83-806E-5154323B0555}.DebugExe|x86.Build.0 = Debug|Win32
		{DC8778CE-A7B0-4C83-806E-5154323B0555}.Release|ARM.ActiveCfg = Release|Win32
		{DC8778CE-A7B0-4C83-806E-5154323B0555}.Release|x64.ActiveCfg = Release|x64
		{DC8778CE-A7B0-4C83-806E-5154323B0555}.Release|x64.Build.0 = Release|x64
		{DC8778CE-A7B0-4C83-806E-5154323B0555}.Release|x86.ActiveCfg = Release|Win32
		{DC8778CE-A7B0-4C83-806E-5154323B0555}.Release|x86.Build.0 = Release|Win32
		{DC8778CE-A7B0-4C83-806E-5154323B0555}.ReleaseExe|ARM.ActiveCfg = Release|Win32
		{DC8778CE-A7B0-4C83-806E-5154323B0555}.ReleaseExe|ARM.Build.0 = Release|Win32
		{DC8778CE-A7B0-4C83-806E-5154323B0555}.ReleaseExe|x64.ActiveCfg = Release|x64
		{DC8778CE-A7B0-4C83-806E-5154323B0555}.ReleaseExe|x64.Build.0 = Release|x64
		{DC8778CE-A7B0-4C83-806E-5154323B0555}.ReleaseExe|x86.ActiveCfg = Release|Win32
		{DC8778CE-A7B0-4C83-806E-5154323B0555}.ReleaseExe|x86.Build.0 = Release|Win32
		{FE497205-CAF2-44D0-95F5-727E2F76E2B7}.Debug|ARM.ActiveCfg = Debug|Win32
		{FE497205-CAF2-44D0-95F5-727E2F76E2B7}.Debug|x64.ActiveCfg = Debug|Win32
		{FE497205-CAF2-44D0-95F5-727E2F76E2B7}.Debug|x86.ActiveCfg = Debug|Win32
		{FE497205-CAF2-44D0-95F5-727E2F76E2B7}.Debug|x86.Build.0 = Debug|Win32
		{FE497205-CAF2-44D0-95F5-727E2F76E2B7}.DebugExe|ARM.ActiveCfg = Release|Win32
		{FE497205-CAF2-44D0-95F5-727E2F76E2B7}.DebugExe|ARM.Build.0 = Release|Win32
		{FE497205-CAF2-44D0-95F5-727E2F76E2B7}.DebugExe|x64.ActiveCfg = Release|Win32
		{FE497205-CAF2-44D0-95F5-727E2F76E2B7}.DebugExe|x64.Build.0 = Release|Win32
		{FE497205-CAF2-44D0-95F5-727E2F76E2B7}.DebugExe|x86.ActiveCfg = Debug|Win32
		{FE497205-CAF2-44D0-95F5-727E2F76E2B7}.DebugExe|x86.Build.0 = Debug|Win32
		{FE497205-CAF2-44D0-95F5-727E2F76E2B7}.Release|ARM.ActiveCfg = Release|Win32
		{FE497205-CAF2-44D0-95F5-727E2F76E2B7}.Release|x64.ActiveCfg = Release|Win32
		{FE497205-CAF2-44D0-95F5-727E2F76E2B7}.Release|x86.ActiveCfg = Release|Win32
		{FE497205-CAF2-44D0-95F5-727E2F76E2B7}.Release|x86.Build.0 = Release|Win32
		{FE497205-CAF2-44D0-95F5-727E2F76E2B7}.ReleaseExe|ARM.ActiveCfg = Release|Win32
		{FE497205-CAF2-44D0-95F5-727E2F76E2B7}.ReleaseExe|ARM.Build.0 = Release|Win32
		{FE497205-CAF2-44D0-95F5-727E2F76E2B7}.ReleaseExe|x64.ActiveCfg = Release|Win32
		{FE497205-CAF2-44D0-95F5-727E2F76E2B7}.ReleaseExe|x64.Build.0 = Release|Win32
		{FE497205-CAF2-44D0-95F5-727E2F76E2B7}.ReleaseExe|x86.ActiveCfg = Release|Win32
		{FE497205-CAF2-44D0-95F5-727E2F76E2B7}.ReleaseExe|x86.Build.0 = Release|Win32
		{C0A12E93-4B76-4B17-B837-37020F957AD2}.Debug|ARM.ActiveCfg = Debug|Win32
		{C0A12E93-4B76-4B17-B837-37020F957AD2}.Debug|x64.ActiveCfg = Debug|x64
		{C0A12E93-4B76-4B17-B837-37020F957AD2}.Debug|x64.Build.0 = Debug|x64
		{C0A12E93-4B76-4B17-B837-37020F957AD2}.Debug|x86.ActiveCfg = Debug|Win32
		{C0A12E93-4B76-4B17-B837-37020F957AD2}.Debug|x86.Build.0 = Debug|Win32
		{C0A12E93-4B76-4B17-B837-37020F957AD2}.DebugExe|ARM.ActiveCfg = Release|Win32
		{C0A12E93-4B76-4B17-B837-37020F957AD2}.DebugExe|ARM.Build.0 = Release|Win32
		{C0A12E93-4B76-4B17-B837-37020F957AD2}.DebugExe|x64.ActiveCfg = Debug|x64
		{C0A12E93-4B76-4B17-B837-37020F957AD2}.DebugExe|x64.Build.0 = Debug|x64
		{C0A12E93-4B76-4B17-B837-37020F957AD2}.DebugExe|x86.ActiveCfg = Debug|Win32
		{C0A12E93-4B76-4B17-B837-37020F957AD2}.DebugExe|x86.Build.0 = Debug|Win32
		{C0A12E93-4B76-4B17-B837-37020F957AD2}.Release|ARM.ActiveCfg = Release|Win32
		{C0A12E93-4B76-4B17-B837-37020F957AD2}.Release|x64.ActiveCfg = Release|x64
		{C0A12E93-4B76-4B17-B837-37020F957AD2}.Release|x64.Build.0 = Release|x64
		{C0A12E93-4B76-4B17-B837-37020F957AD2}.Release|x86.ActiveCfg = Release|Win32
		{C0A12E93-4B76-4B17-B837-37020F957AD2}.Release|x86.Build.0 = Release|Win32
		{C0A12E93-4B76-4B17-B837-37020F957AD2}.ReleaseExe|ARM.ActiveCfg = Release|Win32
		{C0A12E93-4B76-4B17-B837-37020F957AD2}.ReleaseExe|ARM.Build.0 = Release|Win32
		{C0A12E93-4B76-4B17-B837-37020F957AD2}.ReleaseExe|x64.ActiveCfg = Release|x64
		{C0A12E93-4B76-4B17-B837-37020F957AD2}.ReleaseExe|x64.Build.0 = Release|x64
		{C0A12E93-4B76-4B17-B837-37020F957AD2}.ReleaseExe|x86.ActiveCfg = Release|Win32
		{C0A12E93-4B76-4B17-B837-37020F957AD2}.ReleaseExe|x86.Build.0 = Release|Win32
		{C980D5DD-89DB-456A-A223-B124E5CD8E91}.Debug|ARM.ActiveCfg = Debug|Win32
		{C980D5DD-89DB-456A-A223-B124E5CD8E91}.Debug|x64.ActiveCfg = Debug|x64
		{C980D5DD-89DB-456A-A223-B124E5CD8E91}.Debug|x64.Build.0 = Debug|x64
		{C980D5DD-89DB-456A-A223-B124E5CD8E91}.Debug|x86.ActiveCfg = Debug|Win32
		{C980D5DD-89DB-456A-A223-B124E5CD8E91}.Debug|x86.Build.0 = Debug|Win32
		{C980D5DD-89DB-456A-A223-B124E5CD8E91}.DebugExe|ARM.ActiveCfg = Release|x64
		{C980D5DD-89DB-456A-A223-B124E5CD8E91}.DebugExe|ARM.Build.0 = Release|x64
		{C980D5DD-89DB-456A-A223-B124E5CD8E91}.DebugExe|x64.ActiveCfg = Debug|x64
		{C980D5DD-89DB-456A-A223-B124E5CD8E91}.DebugExe|x64.Build.0 = Debug|x64
		{C980D5DD-89DB-456A-A223-B124E5CD8E91}.DebugExe|x86.ActiveCfg = Debug|Win32
		{C980D5DD-89DB-456A-A223-B124E5CD8E91}.DebugExe|x86.Build.0 = Debug|Win32
		{C980D5DD-89DB-456A-A223-B124E5CD8E91}.Release|ARM.ActiveCfg = Release|Win32
		{C980D5DD-89DB-456A-A223-B124E5CD8E91}.Release|x64.ActiveCfg = Release|x64
		{C980D5DD-89DB-456A-A223-B124E5CD8E91}.Release|x64.Build.0 = Release|x64
		{C980D5DD-89DB-456A-A223-B124E5CD8E91}.Release|x86.ActiveCfg = Release|Win32
		{C980D5DD-89DB-456A-A223-B124E5CD8E91}.Release|x86.Build.0 = Release|Win32
		{C980D5DD-89DB-456A-A223-B124E5CD8E91}.ReleaseExe|ARM.ActiveCfg = Release|x64
		{C980D5DD-89DB-456A-A223-B124E5CD8E91}.ReleaseExe|ARM.Build.0 = Release|x64
		{C980D5DD-89DB-456A-A223-B124E5CD8E91}.ReleaseExe|x64.ActiveCfg = Release|x64
		{C980D5DD-89DB-456A-A223-B124E5CD8E91}.ReleaseExe|x64.Build.0 = Release|x64
		{C980D5DD-89DB-456A-A223-B124E5CD8E91}.ReleaseExe|x86.ActiveCfg = Release|Win32
		{C980D5DD-89DB-456A-A223-B124E5CD8E91}.ReleaseExe|x86.Build.0 = Release|Win32
	EndGlobalSection
	GlobalSection(SolutionProperties) = preSolution
		HideSolutionNode = FALSE
	EndGlobalSection
	GlobalSection(NestedProjects) = preSolution
		{72207EC2-FF53-409B-8AF4-A41967B50E1F} = {F9DAF2AD-66BD-481E-B54B-D3D437F73871}
		{360C68FE-CCAD-4B1B-B5EF-41774CF5E062} = {E5B88D4C-8E19-4011-8761-383054A6E859}
		{23CF85A3-F05D-4170-806B-CE3BB9F2B6C1} = {F9DAF2AD-66BD-481E-B54B-D3D437F73871}
		{758312D5-E6A0-40E8-B492-7FA90CDF1072} = {47B2131D-21E9-4660-A788-6BDFB3F08CF4}
		{97C790B9-86A6-4F2A-A15A-8EA151B8D9D7} = {47B2131D-21E9-4660-A788-6BDFB3F08CF4}
		{303CB2B0-88DA-45F8-B911-28C4103CC055} = {AF29151C-2C64-40DB-AF99-6294F4A4E33B}
		{C2797508-3962-444D-A101-082A3A06390B} = {AF29151C-2C64-40DB-AF99-6294F4A4E33B}
		{AF29151C-2C64-40DB-AF99-6294F4A4E33B} = {F9DAF2AD-66BD-481E-B54B-D3D437F73871}
		{F142A341-5EE0-442D-A15F-98AE9B48DBAE} = {E5B88D4C-8E19-4011-8761-383054A6E859}
		{DA12D044-9190-4772-A12E-1DA9A1172E1E} = {CD8D3B3E-71BA-48E7-823D-A93E85BA7E78}
		{DC8778CE-A7B0-4C83-806E-5154323B0555} = {CD8D3B3E-71BA-48E7-823D-A93E85BA7E78}
		{FE497205-CAF2-44D0-95F5-727E2F76E2B7} = {CD8D3B3E-71BA-48E7-823D-A93E85BA7E78}
		{C0A12E93-4B76-4B17-B837-37020F957AD2} = {CD8D3B3E-71BA-48E7-823D-A93E85BA7E78}
		{C980D5DD-89DB-456A-A223-B124E5CD8E91} = {E5B88D4C-8E19-4011-8761-383054A6E859}
	EndGlobalSection
	GlobalSection(ExtensibilityGlobals) = postSolution
		SolutionGuid = {E244874F-DE50-430B-9C54-5F7CE42DF22D}
	EndGlobalSection
EndGlobal
