
Microsoft Visual Studio Solution File, Format Version 12.00
# Visual Studio Version 16
VisualStudioVersion = 16.0.30104.148
MinimumVisualStudioVersion = 10.0.40219.1
Project("{8BC9CEB8-8B4A-11D0-8D11-00A0C91BC942}") = "MultiPlayer", "MultiPlayer\MultiPlayer.vcxproj", "{72207EC2-FF53-409B-8AF4-A41967B50E1F}"
EndProject
Project("{8BC9CEB8-8B4A-11D0-8D11-00A0C91BC942}") = "Test", "Test\Test.vcxproj", "{360C68FE-CCAD-4B1B-B5EF-41774CF5E062}"
EndProject
Project("{8BC9CEB8-8B4A-11D0-8D11-00A0C91BC942}") = "SDA", "SDA\SDA.vcxproj", "{23CF85A3-F05D-4170-806B-CE3BB9F2B6C1}"
EndProject
Project("{8BC9CEB8-8B4A-11D0-8D11-00A0C91BC942}") = "Shared", "Shared\Shared.vcxproj", "{758312D5-E6A0-40E8-B492-7FA90CDF1072}"
EndProject
Project("{8BC9CEB8-8B4A-11D0-8D11-00A0C91BC942}") = "GUI", "GUI\GUI.vcxproj", "{97C790B9-86A6-4F2A-A15A-8EA151B8D9D7}"
EndProject
Project("{2150E333-8FDC-42A3-9474-1A3956D46DE8}") = "GTA5", "GTA5", "{F9DAF2AD-66BD-481E-B54B-D3D437F73871}"
EndProject
Project("{2150E333-8FDC-42A3-9474-1A3956D46DE8}") = "Shared", "Shared", "{47B2131D-21E9-4660-A788-6BDFB3F08CF4}"
EndProject
Project("{2150E333-8FDC-42A3-9474-1A3956D46DE8}") = "Other", "Other", "{E5B88D4C-8E19-4011-8761-383054A6E859}"
EndProject
Project("{8BC9CEB8-8B4A-11D0-8D11-00A0C91BC942}") = "GTAV_Launcher", "Injector\InjectorDLL2\InjectorDLL2.vcxproj", "{303CB2B0-88DA-45F8-B911-28C4103CC055}"
EndProject
Project("{8BC9CEB8-8B4A-11D0-8D11-00A0C91BC942}") = "GTAV_Loader", "GTAV_Loader\GTAV.vcxproj", "{C2797508-3962-444D-A101-082A3A06390B}"
EndProject
Project("{2150E333-8FDC-42A3-9474-1A3956D46DE8}") = "Helpers", "Helpers", "{AF29151C-2C64-40DB-AF99-6294F4A4E33B}"
EndProject
Project("{8BC9CEB8-8B4A-11D0-8D11-00A0C91BC942}") = "libMinHook", "SDA\Vendor\minhook\build\VC15\libMinHook.vcxproj", "{F142A341-5EE0-442D-A15F-98AE9B48DBAE}"
EndProject
Project("{2150E333-8FDC-42A3-9474-1A3956D46DE8}") = "WinDbg", "WinDbg", "{CD8D3B3E-71BA-48E7-823D-A93E85BA7E78}"
EndProject
Project("{8BC9CEB8-8B4A-11D0-8D11-00A0C91BC942}") = "Debugger", "SDA\Debugger\Debugger\Debugger.vcxproj", "{DA12D044-9190-4772-A12E-1DA9A1172E1E}"
EndProject
Project("{8BC9CEB8-8B4A-11D0-8D11-00A0C91BC942}") = "Test", "SDA\Debugger\Test\Test.vcxproj", "{DC8778CE-A7B0-4C83-806E-5154323B0555}"
EndProject
Project("{8BC9CEB8-8B4A-11D0-8D11-00A0C91BC942}") = "FuzzwareDBG(view only)", "SDA\Debugger\FuzzwareDBG\FuzzwareDBG.vcxproj", "{FE497205-CAF2-44D0-95F5-727E2F76E2B7}"
EndProject
Project("{8BC9CEB8-8B4A-11D0-8D11-00A0C91BC942}") = "pykd(view only)", "SDA\Debugger\pykd\pykd\pykd.vcxproj", "{C0A12E93-4B76-4B17-B837-37020F957AD2}"
EndProject
Project("{8BC9CEB8-8B4A-11D0-8D11-00A0C91BC942}") = "TestCodeToDecompile", "TestCodeToDecompile\TestCodeToDecompile.vcxproj", "{C980D5DD-89DB-456A-A223-B124E5CD8E91}"
EndProject
Global
	GlobalSection(SolutionConfigurationPlatforms) = preSolution
		DebugDll|ARM = DebugDll|ARM
		DebugDll|x64 = DebugDll|x64
		DebugDll|x86 = DebugDll|x86
		DebugTestExe|ARM = DebugTestExe|ARM
		DebugTestExe|x64 = DebugTestExe|x64
		DebugTestExe|x86 = DebugTestExe|x86
		ReleaseDll|ARM = ReleaseDll|ARM
		ReleaseDll|x64 = ReleaseDll|x64
		ReleaseDll|x86 = ReleaseDll|x86
		ReleaseGuiExe|ARM = ReleaseGuiExe|ARM
		ReleaseGuiExe|x64 = ReleaseGuiExe|x64
		ReleaseGuiExe|x86 = ReleaseGuiExe|x86
		ReleaseTestExe|ARM = ReleaseTestExe|ARM
		ReleaseTestExe|x64 = ReleaseTestExe|x64
		ReleaseTestExe|x86 = ReleaseTestExe|x86
	EndGlobalSection
	GlobalSection(ProjectConfigurationPlatforms) = postSolution
		{72207EC2-FF53-409B-8AF4-A41967B50E1F}.DebugDll|ARM.ActiveCfg = Debug|x64
		{72207EC2-FF53-409B-8AF4-A41967B50E1F}.DebugDll|x64.ActiveCfg = Debug|x64
		{72207EC2-FF53-409B-8AF4-A41967B50E1F}.DebugDll|x64.Build.0 = Debug|x64
		{72207EC2-FF53-409B-8AF4-A41967B50E1F}.DebugDll|x86.ActiveCfg = Debug|x64
		{72207EC2-FF53-409B-8AF4-A41967B50E1F}.DebugTestExe|ARM.ActiveCfg = Release|x64
		{72207EC2-FF53-409B-8AF4-A41967B50E1F}.DebugTestExe|ARM.Build.0 = Release|x64
		{72207EC2-FF53-409B-8AF4-A41967B50E1F}.DebugTestExe|x64.ActiveCfg = Debug|x64
		{72207EC2-FF53-409B-8AF4-A41967B50E1F}.DebugTestExe|x64.Build.0 = Debug|x64
		{72207EC2-FF53-409B-8AF4-A41967B50E1F}.DebugTestExe|x86.ActiveCfg = Release|x64
		{72207EC2-FF53-409B-8AF4-A41967B50E1F}.DebugTestExe|x86.Build.0 = Release|x64
		{72207EC2-FF53-409B-8AF4-A41967B50E1F}.ReleaseDll|ARM.ActiveCfg = Release|x64
		{72207EC2-FF53-409B-8AF4-A41967B50E1F}.ReleaseDll|x64.ActiveCfg = Release|x64
		{72207EC2-FF53-409B-8AF4-A41967B50E1F}.ReleaseDll|x64.Build.0 = Release|x64
		{72207EC2-FF53-409B-8AF4-A41967B50E1F}.ReleaseDll|x86.ActiveCfg = Release|x64
		{72207EC2-FF53-409B-8AF4-A41967B50E1F}.ReleaseGuiExe|ARM.ActiveCfg = ReleaseGuiExe|x64
		{72207EC2-FF53-409B-8AF4-A41967B50E1F}.ReleaseGuiExe|x64.ActiveCfg = ReleaseGuiExe|x64
		{72207EC2-FF53-409B-8AF4-A41967B50E1F}.ReleaseGuiExe|x64.Build.0 = ReleaseGuiExe|x64
		{72207EC2-FF53-409B-8AF4-A41967B50E1F}.ReleaseGuiExe|x86.ActiveCfg = ReleaseGuiExe|x64
		{72207EC2-FF53-409B-8AF4-A41967B50E1F}.ReleaseTestExe|ARM.ActiveCfg = Release|x64
		{72207EC2-FF53-409B-8AF4-A41967B50E1F}.ReleaseTestExe|ARM.Build.0 = Release|x64
		{72207EC2-FF53-409B-8AF4-A41967B50E1F}.ReleaseTestExe|x64.ActiveCfg = Release|x64
		{72207EC2-FF53-409B-8AF4-A41967B50E1F}.ReleaseTestExe|x64.Build.0 = Release|x64
		{72207EC2-FF53-409B-8AF4-A41967B50E1F}.ReleaseTestExe|x86.ActiveCfg = Release|x64
		{72207EC2-FF53-409B-8AF4-A41967B50E1F}.ReleaseTestExe|x86.Build.0 = Release|x64
		{360C68FE-CCAD-4B1B-B5EF-41774CF5E062}.DebugDll|ARM.ActiveCfg = Debug|x64
		{360C68FE-CCAD-4B1B-B5EF-41774CF5E062}.DebugDll|x64.ActiveCfg = Debug|x64
		{360C68FE-CCAD-4B1B-B5EF-41774CF5E062}.DebugDll|x64.Build.0 = Debug|x64
		{360C68FE-CCAD-4B1B-B5EF-41774CF5E062}.DebugDll|x86.ActiveCfg = Debug|x64
		{360C68FE-CCAD-4B1B-B5EF-41774CF5E062}.DebugTestExe|ARM.ActiveCfg = Release|x64
		{360C68FE-CCAD-4B1B-B5EF-41774CF5E062}.DebugTestExe|x64.ActiveCfg = Debug|x64
		{360C68FE-CCAD-4B1B-B5EF-41774CF5E062}.DebugTestExe|x86.ActiveCfg = Release|x64
		{360C68FE-CCAD-4B1B-B5EF-41774CF5E062}.ReleaseDll|ARM.ActiveCfg = Release|x64
		{360C68FE-CCAD-4B1B-B5EF-41774CF5E062}.ReleaseDll|x64.ActiveCfg = Release|x64
		{360C68FE-CCAD-4B1B-B5EF-41774CF5E062}.ReleaseDll|x64.Build.0 = Release|x64
		{360C68FE-CCAD-4B1B-B5EF-41774CF5E062}.ReleaseDll|x86.ActiveCfg = Release|x64
		{360C68FE-CCAD-4B1B-B5EF-41774CF5E062}.ReleaseGuiExe|ARM.ActiveCfg = ReleaseGuiExe|x64
		{360C68FE-CCAD-4B1B-B5EF-41774CF5E062}.ReleaseGuiExe|x64.ActiveCfg = ReleaseGuiExe|x64
		{360C68FE-CCAD-4B1B-B5EF-41774CF5E062}.ReleaseGuiExe|x86.ActiveCfg = ReleaseGuiExe|x64
		{360C68FE-CCAD-4B1B-B5EF-41774CF5E062}.ReleaseTestExe|ARM.ActiveCfg = Release|x64
		{360C68FE-CCAD-4B1B-B5EF-41774CF5E062}.ReleaseTestExe|x64.ActiveCfg = Release|x64
		{360C68FE-CCAD-4B1B-B5EF-41774CF5E062}.ReleaseTestExe|x86.ActiveCfg = Release|x64
		{23CF85A3-F05D-4170-806B-CE3BB9F2B6C1}.DebugDll|ARM.ActiveCfg = ReleaseExe|x64
		{23CF85A3-F05D-4170-806B-CE3BB9F2B6C1}.DebugDll|ARM.Build.0 = ReleaseExe|x64
		{23CF85A3-F05D-4170-806B-CE3BB9F2B6C1}.DebugDll|x64.ActiveCfg = DebugExe|x64
		{23CF85A3-F05D-4170-806B-CE3BB9F2B6C1}.DebugDll|x64.Build.0 = DebugExe|x64
		{23CF85A3-F05D-4170-806B-CE3BB9F2B6C1}.DebugDll|x86.ActiveCfg = DebugExe|x64
		{23CF85A3-F05D-4170-806B-CE3BB9F2B6C1}.DebugDll|x86.Build.0 = DebugExe|x64
		{23CF85A3-F05D-4170-806B-CE3BB9F2B6C1}.DebugTestExe|ARM.ActiveCfg = DebugExe|x64
		{23CF85A3-F05D-4170-806B-CE3BB9F2B6C1}.DebugTestExe|x64.ActiveCfg = DebugExe|x64
		{23CF85A3-F05D-4170-806B-CE3BB9F2B6C1}.DebugTestExe|x64.Build.0 = DebugExe|x64
		{23CF85A3-F05D-4170-806B-CE3BB9F2B6C1}.DebugTestExe|x86.ActiveCfg = DebugExe|x64
		{23CF85A3-F05D-4170-806B-CE3BB9F2B6C1}.ReleaseDll|ARM.ActiveCfg = Release|x64
		{23CF85A3-F05D-4170-806B-CE3BB9F2B6C1}.ReleaseDll|x64.ActiveCfg = Release|x64
		{23CF85A3-F05D-4170-806B-CE3BB9F2B6C1}.ReleaseDll|x64.Build.0 = Release|x64
		{23CF85A3-F05D-4170-806B-CE3BB9F2B6C1}.ReleaseDll|x86.ActiveCfg = DebugExe|x64
		{23CF85A3-F05D-4170-806B-CE3BB9F2B6C1}.ReleaseDll|x86.Build.0 = DebugExe|x64
		{23CF85A3-F05D-4170-806B-CE3BB9F2B6C1}.ReleaseGuiExe|ARM.ActiveCfg = ReleaseGuiExe|x64
		{23CF85A3-F05D-4170-806B-CE3BB9F2B6C1}.ReleaseGuiExe|x64.ActiveCfg = ReleaseGuiExe|x64
		{23CF85A3-F05D-4170-806B-CE3BB9F2B6C1}.ReleaseGuiExe|x64.Build.0 = ReleaseGuiExe|x64
		{23CF85A3-F05D-4170-806B-CE3BB9F2B6C1}.ReleaseGuiExe|x86.ActiveCfg = ReleaseGuiExe|x64
		{23CF85A3-F05D-4170-806B-CE3BB9F2B6C1}.ReleaseTestExe|ARM.ActiveCfg = ReleaseExe|x64
		{23CF85A3-F05D-4170-806B-CE3BB9F2B6C1}.ReleaseTestExe|x64.ActiveCfg = ReleaseExe|x64
		{23CF85A3-F05D-4170-806B-CE3BB9F2B6C1}.ReleaseTestExe|x64.Build.0 = ReleaseExe|x64
		{23CF85A3-F05D-4170-806B-CE3BB9F2B6C1}.ReleaseTestExe|x86.ActiveCfg = ReleaseExe|x64
		{758312D5-E6A0-40E8-B492-7FA90CDF1072}.DebugDll|ARM.ActiveCfg = Debug|x64
		{758312D5-E6A0-40E8-B492-7FA90CDF1072}.DebugDll|x64.ActiveCfg = Debug|x64
		{758312D5-E6A0-40E8-B492-7FA90CDF1072}.DebugDll|x64.Build.0 = Debug|x64
		{758312D5-E6A0-40E8-B492-7FA90CDF1072}.DebugDll|x86.ActiveCfg = Debug|x64
		{758312D5-E6A0-40E8-B492-7FA90CDF1072}.DebugTestExe|ARM.ActiveCfg = Release|x64
		{758312D5-E6A0-40E8-B492-7FA90CDF1072}.DebugTestExe|x64.ActiveCfg = Debug|x64
		{758312D5-E6A0-40E8-B492-7FA90CDF1072}.DebugTestExe|x86.ActiveCfg = Release|x64
		{758312D5-E6A0-40E8-B492-7FA90CDF1072}.ReleaseDll|ARM.ActiveCfg = Release|x64
		{758312D5-E6A0-40E8-B492-7FA90CDF1072}.ReleaseDll|x64.ActiveCfg = Release|x64
		{758312D5-E6A0-40E8-B492-7FA90CDF1072}.ReleaseDll|x64.Build.0 = Release|x64
		{758312D5-E6A0-40E8-B492-7FA90CDF1072}.ReleaseDll|x86.ActiveCfg = Release|x64
		{758312D5-E6A0-40E8-B492-7FA90CDF1072}.ReleaseGuiExe|ARM.ActiveCfg = Release|x64
		{758312D5-E6A0-40E8-B492-7FA90CDF1072}.ReleaseGuiExe|x64.ActiveCfg = Release|x64
		{758312D5-E6A0-40E8-B492-7FA90CDF1072}.ReleaseGuiExe|x86.ActiveCfg = Release|x64
		{758312D5-E6A0-40E8-B492-7FA90CDF1072}.ReleaseTestExe|ARM.ActiveCfg = Release|x64
		{758312D5-E6A0-40E8-B492-7FA90CDF1072}.ReleaseTestExe|x64.ActiveCfg = Release|x64
		{758312D5-E6A0-40E8-B492-7FA90CDF1072}.ReleaseTestExe|x86.ActiveCfg = Release|x64
		{97C790B9-86A6-4F2A-A15A-8EA151B8D9D7}.DebugDll|ARM.ActiveCfg = Debug|Win32
		{97C790B9-86A6-4F2A-A15A-8EA151B8D9D7}.DebugDll|x64.ActiveCfg = Debug|x64
		{97C790B9-86A6-4F2A-A15A-8EA151B8D9D7}.DebugDll|x64.Build.0 = Debug|x64
		{97C790B9-86A6-4F2A-A15A-8EA151B8D9D7}.DebugDll|x86.ActiveCfg = Debug|Win32
		{97C790B9-86A6-4F2A-A15A-8EA151B8D9D7}.DebugDll|x86.Build.0 = Debug|Win32
		{97C790B9-86A6-4F2A-A15A-8EA151B8D9D7}.DebugTestExe|ARM.ActiveCfg = Release|Win32
		{97C790B9-86A6-4F2A-A15A-8EA151B8D9D7}.DebugTestExe|ARM.Build.0 = Release|Win32
		{97C790B9-86A6-4F2A-A15A-8EA151B8D9D7}.DebugTestExe|x64.ActiveCfg = Debug|x64
		{97C790B9-86A6-4F2A-A15A-8EA151B8D9D7}.DebugTestExe|x64.Build.0 = Debug|x64
		{97C790B9-86A6-4F2A-A15A-8EA151B8D9D7}.DebugTestExe|x86.ActiveCfg = Debug|Win32
		{97C790B9-86A6-4F2A-A15A-8EA151B8D9D7}.DebugTestExe|x86.Build.0 = Debug|Win32
		{97C790B9-86A6-4F2A-A15A-8EA151B8D9D7}.ReleaseDll|ARM.ActiveCfg = Release|Win32
		{97C790B9-86A6-4F2A-A15A-8EA151B8D9D7}.ReleaseDll|x64.ActiveCfg = Release|x64
		{97C790B9-86A6-4F2A-A15A-8EA151B8D9D7}.ReleaseDll|x64.Build.0 = Release|x64
		{97C790B9-86A6-4F2A-A15A-8EA151B8D9D7}.ReleaseDll|x86.ActiveCfg = Release|Win32
		{97C790B9-86A6-4F2A-A15A-8EA151B8D9D7}.ReleaseDll|x86.Build.0 = Release|Win32
		{97C790B9-86A6-4F2A-A15A-8EA151B8D9D7}.ReleaseGuiExe|ARM.ActiveCfg = ReleaseGuiExe|Win32
		{97C790B9-86A6-4F2A-A15A-8EA151B8D9D7}.ReleaseGuiExe|x64.ActiveCfg = ReleaseGuiExe|x64
		{97C790B9-86A6-4F2A-A15A-8EA151B8D9D7}.ReleaseGuiExe|x64.Build.0 = ReleaseGuiExe|x64
		{97C790B9-86A6-4F2A-A15A-8EA151B8D9D7}.ReleaseGuiExe|x86.ActiveCfg = ReleaseGuiExe|Win32
		{97C790B9-86A6-4F2A-A15A-8EA151B8D9D7}.ReleaseGuiExe|x86.Build.0 = ReleaseGuiExe|Win32
		{97C790B9-86A6-4F2A-A15A-8EA151B8D9D7}.ReleaseTestExe|ARM.ActiveCfg = Release|Win32
		{97C790B9-86A6-4F2A-A15A-8EA151B8D9D7}.ReleaseTestExe|ARM.Build.0 = Release|Win32
		{97C790B9-86A6-4F2A-A15A-8EA151B8D9D7}.ReleaseTestExe|x64.ActiveCfg = Release|x64
		{97C790B9-86A6-4F2A-A15A-8EA151B8D9D7}.ReleaseTestExe|x64.Build.0 = Release|x64
		{97C790B9-86A6-4F2A-A15A-8EA151B8D9D7}.ReleaseTestExe|x86.ActiveCfg = Release|Win32
		{97C790B9-86A6-4F2A-A15A-8EA151B8D9D7}.ReleaseTestExe|x86.Build.0 = Release|Win32
		{303CB2B0-88DA-45F8-B911-28C4103CC055}.DebugDll|ARM.ActiveCfg = Debug|Win32
		{303CB2B0-88DA-45F8-B911-28C4103CC055}.DebugDll|x64.ActiveCfg = Debug|x64
		{303CB2B0-88DA-45F8-B911-28C4103CC055}.DebugDll|x64.Build.0 = Debug|x64
		{303CB2B0-88DA-45F8-B911-28C4103CC055}.DebugDll|x86.ActiveCfg = Debug|Win32
		{303CB2B0-88DA-45F8-B911-28C4103CC055}.DebugDll|x86.Build.0 = Debug|Win32
		{303CB2B0-88DA-45F8-B911-28C4103CC055}.DebugTestExe|ARM.ActiveCfg = Release|x64
		{303CB2B0-88DA-45F8-B911-28C4103CC055}.DebugTestExe|ARM.Build.0 = Release|x64
		{303CB2B0-88DA-45F8-B911-28C4103CC055}.DebugTestExe|x64.ActiveCfg = Debug|x64
		{303CB2B0-88DA-45F8-B911-28C4103CC055}.DebugTestExe|x64.Build.0 = Debug|x64
		{303CB2B0-88DA-45F8-B911-28C4103CC055}.DebugTestExe|x86.ActiveCfg = Debug|Win32
		{303CB2B0-88DA-45F8-B911-28C4103CC055}.DebugTestExe|x86.Build.0 = Debug|Win32
		{303CB2B0-88DA-45F8-B911-28C4103CC055}.ReleaseDll|ARM.ActiveCfg = Release|Win32
		{303CB2B0-88DA-45F8-B911-28C4103CC055}.ReleaseDll|x64.ActiveCfg = Release|x64
		{303CB2B0-88DA-45F8-B911-28C4103CC055}.ReleaseDll|x64.Build.0 = Release|x64
		{303CB2B0-88DA-45F8-B911-28C4103CC055}.ReleaseDll|x86.ActiveCfg = Release|Win32
		{303CB2B0-88DA-45F8-B911-28C4103CC055}.ReleaseDll|x86.Build.0 = Release|Win32
		{303CB2B0-88DA-45F8-B911-28C4103CC055}.ReleaseGuiExe|ARM.ActiveCfg = ReleaseGuiExe|Win32
		{303CB2B0-88DA-45F8-B911-28C4103CC055}.ReleaseGuiExe|x64.ActiveCfg = ReleaseGuiExe|x64
		{303CB2B0-88DA-45F8-B911-28C4103CC055}.ReleaseGuiExe|x64.Build.0 = ReleaseGuiExe|x64
		{303CB2B0-88DA-45F8-B911-28C4103CC055}.ReleaseGuiExe|x86.ActiveCfg = ReleaseGuiExe|Win32
		{303CB2B0-88DA-45F8-B911-28C4103CC055}.ReleaseGuiExe|x86.Build.0 = ReleaseGuiExe|Win32
		{303CB2B0-88DA-45F8-B911-28C4103CC055}.ReleaseTestExe|ARM.ActiveCfg = Release|x64
		{303CB2B0-88DA-45F8-B911-28C4103CC055}.ReleaseTestExe|ARM.Build.0 = Release|x64
		{303CB2B0-88DA-45F8-B911-28C4103CC055}.ReleaseTestExe|x64.ActiveCfg = Release|x64
		{303CB2B0-88DA-45F8-B911-28C4103CC055}.ReleaseTestExe|x64.Build.0 = Release|x64
		{303CB2B0-88DA-45F8-B911-28C4103CC055}.ReleaseTestExe|x86.ActiveCfg = Release|Win32
		{303CB2B0-88DA-45F8-B911-28C4103CC055}.ReleaseTestExe|x86.Build.0 = Release|Win32
		{C2797508-3962-444D-A101-082A3A06390B}.DebugDll|ARM.ActiveCfg = Debug|ARM
		{C2797508-3962-444D-A101-082A3A06390B}.DebugDll|ARM.Build.0 = Debug|ARM
		{C2797508-3962-444D-A101-082A3A06390B}.DebugDll|x64.ActiveCfg = Debug|x64
		{C2797508-3962-444D-A101-082A3A06390B}.DebugDll|x64.Build.0 = Debug|x64
		{C2797508-3962-444D-A101-082A3A06390B}.DebugDll|x86.ActiveCfg = Debug|Win32
		{C2797508-3962-444D-A101-082A3A06390B}.DebugDll|x86.Build.0 = Debug|Win32
		{C2797508-3962-444D-A101-082A3A06390B}.DebugTestExe|ARM.ActiveCfg = Debug|ARM
		{C2797508-3962-444D-A101-082A3A06390B}.DebugTestExe|ARM.Build.0 = Debug|ARM
		{C2797508-3962-444D-A101-082A3A06390B}.DebugTestExe|x64.ActiveCfg = Debug|x64
		{C2797508-3962-444D-A101-082A3A06390B}.DebugTestExe|x64.Build.0 = Debug|x64
		{C2797508-3962-444D-A101-082A3A06390B}.DebugTestExe|x86.ActiveCfg = Debug|Win32
		{C2797508-3962-444D-A101-082A3A06390B}.DebugTestExe|x86.Build.0 = Debug|Win32
		{C2797508-3962-444D-A101-082A3A06390B}.ReleaseDll|ARM.ActiveCfg = Release|ARM
		{C2797508-3962-444D-A101-082A3A06390B}.ReleaseDll|ARM.Build.0 = Release|ARM
		{C2797508-3962-444D-A101-082A3A06390B}.ReleaseDll|x64.ActiveCfg = Release|x64
		{C2797508-3962-444D-A101-082A3A06390B}.ReleaseDll|x64.Build.0 = Release|x64
		{C2797508-3962-444D-A101-082A3A06390B}.ReleaseDll|x86.ActiveCfg = Release|Win32
		{C2797508-3962-444D-A101-082A3A06390B}.ReleaseDll|x86.Build.0 = Release|Win32
		{C2797508-3962-444D-A101-082A3A06390B}.ReleaseGuiExe|ARM.ActiveCfg = ReleaseGuiExe|ARM
		{C2797508-3962-444D-A101-082A3A06390B}.ReleaseGuiExe|ARM.Build.0 = ReleaseGuiExe|ARM
		{C2797508-3962-444D-A101-082A3A06390B}.ReleaseGuiExe|x64.ActiveCfg = ReleaseGuiExe|x64
		{C2797508-3962-444D-A101-082A3A06390B}.ReleaseGuiExe|x64.Build.0 = ReleaseGuiExe|x64
		{C2797508-3962-444D-A101-082A3A06390B}.ReleaseGuiExe|x86.ActiveCfg = ReleaseGuiExe|Win32
		{C2797508-3962-444D-A101-082A3A06390B}.ReleaseGuiExe|x86.Build.0 = ReleaseGuiExe|Win32
		{C2797508-3962-444D-A101-082A3A06390B}.ReleaseTestExe|ARM.ActiveCfg = Release|ARM
		{C2797508-3962-444D-A101-082A3A06390B}.ReleaseTestExe|ARM.Build.0 = Release|ARM
		{C2797508-3962-444D-A101-082A3A06390B}.ReleaseTestExe|x64.ActiveCfg = Release|x64
		{C2797508-3962-444D-A101-082A3A06390B}.ReleaseTestExe|x64.Build.0 = Release|x64
		{C2797508-3962-444D-A101-082A3A06390B}.ReleaseTestExe|x86.ActiveCfg = Release|Win32
		{C2797508-3962-444D-A101-082A3A06390B}.ReleaseTestExe|x86.Build.0 = Release|Win32
		{F142A341-5EE0-442D-A15F-98AE9B48DBAE}.DebugDll|ARM.ActiveCfg = Debug|Win32
		{F142A341-5EE0-442D-A15F-98AE9B48DBAE}.DebugDll|x64.ActiveCfg = Debug|x64
		{F142A341-5EE0-442D-A15F-98AE9B48DBAE}.DebugDll|x64.Build.0 = Debug|x64
		{F142A341-5EE0-442D-A15F-98AE9B48DBAE}.DebugDll|x86.ActiveCfg = Debug|Win32
		{F142A341-5EE0-442D-A15F-98AE9B48DBAE}.DebugDll|x86.Build.0 = Debug|Win32
		{F142A341-5EE0-442D-A15F-98AE9B48DBAE}.DebugTestExe|ARM.ActiveCfg = Release|x64
		{F142A341-5EE0-442D-A15F-98AE9B48DBAE}.DebugTestExe|ARM.Build.0 = Release|x64
		{F142A341-5EE0-442D-A15F-98AE9B48DBAE}.DebugTestExe|x64.ActiveCfg = Debug|x64
		{F142A341-5EE0-442D-A15F-98AE9B48DBAE}.DebugTestExe|x64.Build.0 = Debug|x64
		{F142A341-5EE0-442D-A15F-98AE9B48DBAE}.DebugTestExe|x86.ActiveCfg = Debug|Win32
		{F142A341-5EE0-442D-A15F-98AE9B48DBAE}.DebugTestExe|x86.Build.0 = Debug|Win32
		{F142A341-5EE0-442D-A15F-98AE9B48DBAE}.ReleaseDll|ARM.ActiveCfg = Release|Win32
		{F142A341-5EE0-442D-A15F-98AE9B48DBAE}.ReleaseDll|x64.ActiveCfg = Release|x64
		{F142A341-5EE0-442D-A15F-98AE9B48DBAE}.ReleaseDll|x64.Build.0 = Release|x64
		{F142A341-5EE0-442D-A15F-98AE9B48DBAE}.ReleaseDll|x86.ActiveCfg = Release|Win32
		{F142A341-5EE0-442D-A15F-98AE9B48DBAE}.ReleaseDll|x86.Build.0 = Release|Win32
		{F142A341-5EE0-442D-A15F-98AE9B48DBAE}.ReleaseGuiExe|ARM.ActiveCfg = Release|Win32
		{F142A341-5EE0-442D-A15F-98AE9B48DBAE}.ReleaseGuiExe|x64.ActiveCfg = Release|x64
		{F142A341-5EE0-442D-A15F-98AE9B48DBAE}.ReleaseGuiExe|x86.ActiveCfg = Release|Win32
		{F142A341-5EE0-442D-A15F-98AE9B48DBAE}.ReleaseTestExe|ARM.ActiveCfg = Release|x64
		{F142A341-5EE0-442D-A15F-98AE9B48DBAE}.ReleaseTestExe|ARM.Build.0 = Release|x64
		{F142A341-5EE0-442D-A15F-98AE9B48DBAE}.ReleaseTestExe|x64.ActiveCfg = Release|x64
		{F142A341-5EE0-442D-A15F-98AE9B48DBAE}.ReleaseTestExe|x64.Build.0 = Release|x64
		{F142A341-5EE0-442D-A15F-98AE9B48DBAE}.ReleaseTestExe|x86.ActiveCfg = Release|Win32
		{F142A341-5EE0-442D-A15F-98AE9B48DBAE}.ReleaseTestExe|x86.Build.0 = Release|Win32
		{DA12D044-9190-4772-A12E-1DA9A1172E1E}.DebugDll|ARM.ActiveCfg = Debug|Win32
		{DA12D044-9190-4772-A12E-1DA9A1172E1E}.DebugDll|x64.ActiveCfg = Debug|x64
		{DA12D044-9190-4772-A12E-1DA9A1172E1E}.DebugDll|x64.Build.0 = Debug|x64
		{DA12D044-9190-4772-A12E-1DA9A1172E1E}.DebugDll|x86.ActiveCfg = Debug|Win32
		{DA12D044-9190-4772-A12E-1DA9A1172E1E}.DebugDll|x86.Build.0 = Debug|Win32
		{DA12D044-9190-4772-A12E-1DA9A1172E1E}.DebugTestExe|ARM.ActiveCfg = Release|Win32
		{DA12D044-9190-4772-A12E-1DA9A1172E1E}.DebugTestExe|ARM.Build.0 = Release|Win32
		{DA12D044-9190-4772-A12E-1DA9A1172E1E}.DebugTestExe|x64.ActiveCfg = Debug|x64
		{DA12D044-9190-4772-A12E-1DA9A1172E1E}.DebugTestExe|x64.Build.0 = Debug|x64
		{DA12D044-9190-4772-A12E-1DA9A1172E1E}.DebugTestExe|x86.ActiveCfg = Debug|Win32
		{DA12D044-9190-4772-A12E-1DA9A1172E1E}.DebugTestExe|x86.Build.0 = Debug|Win32
		{DA12D044-9190-4772-A12E-1DA9A1172E1E}.ReleaseDll|ARM.ActiveCfg = Release|Win32
		{DA12D044-9190-4772-A12E-1DA9A1172E1E}.ReleaseDll|x64.ActiveCfg = Release|x64
		{DA12D044-9190-4772-A12E-1DA9A1172E1E}.ReleaseDll|x64.Build.0 = Release|x64
		{DA12D044-9190-4772-A12E-1DA9A1172E1E}.ReleaseDll|x86.ActiveCfg = Release|Win32
		{DA12D044-9190-4772-A12E-1DA9A1172E1E}.ReleaseDll|x86.Build.0 = Release|Win32
		{DA12D044-9190-4772-A12E-1DA9A1172E1E}.ReleaseGuiExe|ARM.ActiveCfg = ReleaseGuiExe|Win32
		{DA12D044-9190-4772-A12E-1DA9A1172E1E}.ReleaseGuiExe|x64.ActiveCfg = ReleaseGuiExe|x64
		{DA12D044-9190-4772-A12E-1DA9A1172E1E}.ReleaseGuiExe|x64.Build.0 = ReleaseGuiExe|x64
		{DA12D044-9190-4772-A12E-1DA9A1172E1E}.ReleaseGuiExe|x86.ActiveCfg = ReleaseGuiExe|Win32
		{DA12D044-9190-4772-A12E-1DA9A1172E1E}.ReleaseGuiExe|x86.Build.0 = ReleaseGuiExe|Win32
		{DA12D044-9190-4772-A12E-1DA9A1172E1E}.ReleaseTestExe|ARM.ActiveCfg = Release|Win32
		{DA12D044-9190-4772-A12E-1DA9A1172E1E}.ReleaseTestExe|ARM.Build.0 = Release|Win32
		{DA12D044-9190-4772-A12E-1DA9A1172E1E}.ReleaseTestExe|x64.ActiveCfg = Release|x64
		{DA12D044-9190-4772-A12E-1DA9A1172E1E}.ReleaseTestExe|x64.Build.0 = Release|x64
		{DA12D044-9190-4772-A12E-1DA9A1172E1E}.ReleaseTestExe|x86.ActiveCfg = Release|Win32
		{DA12D044-9190-4772-A12E-1DA9A1172E1E}.ReleaseTestExe|x86.Build.0 = Release|Win32
		{DC8778CE-A7B0-4C83-806E-5154323B0555}.DebugDll|ARM.ActiveCfg = Debug|Win32
		{DC8778CE-A7B0-4C83-806E-5154323B0555}.DebugDll|x64.ActiveCfg = Debug|x64
		{DC8778CE-A7B0-4C83-806E-5154323B0555}.DebugDll|x64.Build.0 = Debug|x64
		{DC8778CE-A7B0-4C83-806E-5154323B0555}.DebugDll|x86.ActiveCfg = Debug|Win32
		{DC8778CE-A7B0-4C83-806E-5154323B0555}.DebugDll|x86.Build.0 = Debug|Win32
		{DC8778CE-A7B0-4C83-806E-5154323B0555}.DebugTestExe|ARM.ActiveCfg = Release|Win32
		{DC8778CE-A7B0-4C83-806E-5154323B0555}.DebugTestExe|ARM.Build.0 = Release|Win32
		{DC8778CE-A7B0-4C83-806E-5154323B0555}.DebugTestExe|x64.ActiveCfg = Debug|x64
		{DC8778CE-A7B0-4C83-806E-5154323B0555}.DebugTestExe|x64.Build.0 = Debug|x64
		{DC8778CE-A7B0-4C83-806E-5154323B0555}.DebugTestExe|x86.ActiveCfg = Debug|Win32
		{DC8778CE-A7B0-4C83-806E-5154323B0555}.DebugTestExe|x86.Build.0 = Debug|Win32
		{DC8778CE-A7B0-4C83-806E-5154323B0555}.ReleaseDll|ARM.ActiveCfg = Release|Win32
		{DC8778CE-A7B0-4C83-806E-5154323B0555}.ReleaseDll|x64.ActiveCfg = Release|x64
		{DC8778CE-A7B0-4C83-806E-5154323B0555}.ReleaseDll|x64.Build.0 = Release|x64
		{DC8778CE-A7B0-4C83-806E-5154323B0555}.ReleaseDll|x86.ActiveCfg = Release|Win32
		{DC8778CE-A7B0-4C83-806E-5154323B0555}.ReleaseDll|x86.Build.0 = Release|Win32
		{DC8778CE-A7B0-4C83-806E-5154323B0555}.ReleaseGuiExe|ARM.ActiveCfg = ReleaseGuiExe|Win32
		{DC8778CE-A7B0-4C83-806E-5154323B0555}.ReleaseGuiExe|x64.ActiveCfg = ReleaseGuiExe|x64
		{DC8778CE-A7B0-4C83-806E-5154323B0555}.ReleaseGuiExe|x64.Build.0 = ReleaseGuiExe|x64
		{DC8778CE-A7B0-4C83-806E-5154323B0555}.ReleaseGuiExe|x86.ActiveCfg = ReleaseGuiExe|Win32
		{DC8778CE-A7B0-4C83-806E-5154323B0555}.ReleaseGuiExe|x86.Build.0 = ReleaseGuiExe|Win32
		{DC8778CE-A7B0-4C83-806E-5154323B0555}.ReleaseTestExe|ARM.ActiveCfg = Release|Win32
		{DC8778CE-A7B0-4C83-806E-5154323B0555}.ReleaseTestExe|ARM.Build.0 = Release|Win32
		{DC8778CE-A7B0-4C83-806E-5154323B0555}.ReleaseTestExe|x64.ActiveCfg = Release|x64
		{DC8778CE-A7B0-4C83-806E-5154323B0555}.ReleaseTestExe|x64.Build.0 = Release|x64
		{DC8778CE-A7B0-4C83-806E-5154323B0555}.ReleaseTestExe|x86.ActiveCfg = Release|Win32
		{DC8778CE-A7B0-4C83-806E-5154323B0555}.ReleaseTestExe|x86.Build.0 = Release|Win32
		{FE497205-CAF2-44D0-95F5-727E2F76E2B7}.DebugDll|ARM.ActiveCfg = Debug|Win32
		{FE497205-CAF2-44D0-95F5-727E2F76E2B7}.DebugDll|x64.ActiveCfg = Debug|Win32
		{FE497205-CAF2-44D0-95F5-727E2F76E2B7}.DebugDll|x86.ActiveCfg = Debug|Win32
		{FE497205-CAF2-44D0-95F5-727E2F76E2B7}.DebugDll|x86.Build.0 = Debug|Win32
		{FE497205-CAF2-44D0-95F5-727E2F76E2B7}.DebugTestExe|ARM.ActiveCfg = Release|Win32
		{FE497205-CAF2-44D0-95F5-727E2F76E2B7}.DebugTestExe|ARM.Build.0 = Release|Win32
		{FE497205-CAF2-44D0-95F5-727E2F76E2B7}.DebugTestExe|x64.ActiveCfg = Release|Win32
		{FE497205-CAF2-44D0-95F5-727E2F76E2B7}.DebugTestExe|x64.Build.0 = Release|Win32
		{FE497205-CAF2-44D0-95F5-727E2F76E2B7}.DebugTestExe|x86.ActiveCfg = Debug|Win32
		{FE497205-CAF2-44D0-95F5-727E2F76E2B7}.DebugTestExe|x86.Build.0 = Debug|Win32
		{FE497205-CAF2-44D0-95F5-727E2F76E2B7}.ReleaseDll|ARM.ActiveCfg = Release|Win32
		{FE497205-CAF2-44D0-95F5-727E2F76E2B7}.ReleaseDll|x64.ActiveCfg = Release|Win32
		{FE497205-CAF2-44D0-95F5-727E2F76E2B7}.ReleaseDll|x86.ActiveCfg = Release|Win32
		{FE497205-CAF2-44D0-95F5-727E2F76E2B7}.ReleaseDll|x86.Build.0 = Release|Win32
		{FE497205-CAF2-44D0-95F5-727E2F76E2B7}.ReleaseGuiExe|ARM.ActiveCfg = ReleaseGuiExe|Win32
		{FE497205-CAF2-44D0-95F5-727E2F76E2B7}.ReleaseGuiExe|x64.ActiveCfg = ReleaseGuiExe|Win32
		{FE497205-CAF2-44D0-95F5-727E2F76E2B7}.ReleaseGuiExe|x86.ActiveCfg = ReleaseGuiExe|Win32
		{FE497205-CAF2-44D0-95F5-727E2F76E2B7}.ReleaseGuiExe|x86.Build.0 = ReleaseGuiExe|Win32
		{FE497205-CAF2-44D0-95F5-727E2F76E2B7}.ReleaseTestExe|ARM.ActiveCfg = Release|Win32
		{FE497205-CAF2-44D0-95F5-727E2F76E2B7}.ReleaseTestExe|ARM.Build.0 = Release|Win32
		{FE497205-CAF2-44D0-95F5-727E2F76E2B7}.ReleaseTestExe|x64.ActiveCfg = Release|Win32
		{FE497205-CAF2-44D0-95F5-727E2F76E2B7}.ReleaseTestExe|x64.Build.0 = Release|Win32
		{FE497205-CAF2-44D0-95F5-727E2F76E2B7}.ReleaseTestExe|x86.ActiveCfg = Release|Win32
		{FE497205-CAF2-44D0-95F5-727E2F76E2B7}.ReleaseTestExe|x86.Build.0 = Release|Win32
		{C0A12E93-4B76-4B17-B837-37020F957AD2}.DebugDll|ARM.ActiveCfg = Debug|Win32
		{C0A12E93-4B76-4B17-B837-37020F957AD2}.DebugDll|x64.ActiveCfg = Debug|x64
		{C0A12E93-4B76-4B17-B837-37020F957AD2}.DebugDll|x64.Build.0 = Debug|x64
		{C0A12E93-4B76-4B17-B837-37020F957AD2}.DebugDll|x86.ActiveCfg = Debug|Win32
		{C0A12E93-4B76-4B17-B837-37020F957AD2}.DebugDll|x86.Build.0 = Debug|Win32
		{C0A12E93-4B76-4B17-B837-37020F957AD2}.DebugTestExe|ARM.ActiveCfg = Release|Win32
		{C0A12E93-4B76-4B17-B837-37020F957AD2}.DebugTestExe|ARM.Build.0 = Release|Win32
		{C0A12E93-4B76-4B17-B837-37020F957AD2}.DebugTestExe|x64.ActiveCfg = Debug|x64
		{C0A12E93-4B76-4B17-B837-37020F957AD2}.DebugTestExe|x64.Build.0 = Debug|x64
		{C0A12E93-4B76-4B17-B837-37020F957AD2}.DebugTestExe|x86.ActiveCfg = Debug|Win32
		{C0A12E93-4B76-4B17-B837-37020F957AD2}.DebugTestExe|x86.Build.0 = Debug|Win32
		{C0A12E93-4B76-4B17-B837-37020F957AD2}.ReleaseDll|ARM.ActiveCfg = Release|Win32
		{C0A12E93-4B76-4B17-B837-37020F957AD2}.ReleaseDll|x64.ActiveCfg = Release|x64
		{C0A12E93-4B76-4B17-B837-37020F957AD2}.ReleaseDll|x64.Build.0 = Release|x64
		{C0A12E93-4B76-4B17-B837-37020F957AD2}.ReleaseDll|x86.ActiveCfg = Release|Win32
		{C0A12E93-4B76-4B17-B837-37020F957AD2}.ReleaseDll|x86.Build.0 = Release|Win32
		{C0A12E93-4B76-4B17-B837-37020F957AD2}.ReleaseGuiExe|ARM.ActiveCfg = ReleaseGuiExe|Win32
		{C0A12E93-4B76-4B17-B837-37020F957AD2}.ReleaseGuiExe|x64.ActiveCfg = ReleaseGuiExe|x64
		{C0A12E93-4B76-4B17-B837-37020F957AD2}.ReleaseGuiExe|x64.Build.0 = ReleaseGuiExe|x64
		{C0A12E93-4B76-4B17-B837-37020F957AD2}.ReleaseGuiExe|x86.ActiveCfg = ReleaseGuiExe|Win32
		{C0A12E93-4B76-4B17-B837-37020F957AD2}.ReleaseGuiExe|x86.Build.0 = ReleaseGuiExe|Win32
		{C0A12E93-4B76-4B17-B837-37020F957AD2}.ReleaseTestExe|ARM.ActiveCfg = Release|Win32
		{C0A12E93-4B76-4B17-B837-37020F957AD2}.ReleaseTestExe|ARM.Build.0 = Release|Win32
		{C0A12E93-4B76-4B17-B837-37020F957AD2}.ReleaseTestExe|x64.ActiveCfg = Release|x64
		{C0A12E93-4B76-4B17-B837-37020F957AD2}.ReleaseTestExe|x64.Build.0 = Release|x64
		{C0A12E93-4B76-4B17-B837-37020F957AD2}.ReleaseTestExe|x86.ActiveCfg = Release|Win32
		{C0A12E93-4B76-4B17-B837-37020F957AD2}.ReleaseTestExe|x86.Build.0 = Release|Win32
		{C980D5DD-89DB-456A-A223-B124E5CD8E91}.DebugDll|ARM.ActiveCfg = Debug|Win32
		{C980D5DD-89DB-456A-A223-B124E5CD8E91}.DebugDll|x64.ActiveCfg = Debug|x64
		{C980D5DD-89DB-456A-A223-B124E5CD8E91}.DebugDll|x64.Build.0 = Debug|x64
		{C980D5DD-89DB-456A-A223-B124E5CD8E91}.DebugDll|x86.ActiveCfg = Debug|Win32
		{C980D5DD-89DB-456A-A223-B124E5CD8E91}.DebugDll|x86.Build.0 = Debug|Win32
		{C980D5DD-89DB-456A-A223-B124E5CD8E91}.DebugTestExe|ARM.ActiveCfg = Release|x64
		{C980D5DD-89DB-456A-A223-B124E5CD8E91}.DebugTestExe|ARM.Build.0 = Release|x64
		{C980D5DD-89DB-456A-A223-B124E5CD8E91}.DebugTestExe|x64.ActiveCfg = Debug|x64
		{C980D5DD-89DB-456A-A223-B124E5CD8E91}.DebugTestExe|x64.Build.0 = Debug|x64
		{C980D5DD-89DB-456A-A223-B124E5CD8E91}.DebugTestExe|x86.ActiveCfg = Debug|Win32
		{C980D5DD-89DB-456A-A223-B124E5CD8E91}.DebugTestExe|x86.Build.0 = Debug|Win32
		{C980D5DD-89DB-456A-A223-B124E5CD8E91}.ReleaseDll|ARM.ActiveCfg = Release|Win32
		{C980D5DD-89DB-456A-A223-B124E5CD8E91}.ReleaseDll|x64.ActiveCfg = Release|x64
		{C980D5DD-89DB-456A-A223-B124E5CD8E91}.ReleaseDll|x64.Build.0 = Release|x64
		{C980D5DD-89DB-456A-A223-B124E5CD8E91}.ReleaseDll|x86.ActiveCfg = Release|Win32
		{C980D5DD-89DB-456A-A223-B124E5CD8E91}.ReleaseDll|x86.Build.0 = Release|Win32
		{C980D5DD-89DB-456A-A223-B124E5CD8E91}.ReleaseGuiExe|ARM.ActiveCfg = ReleaseGuiExe|Win32
		{C980D5DD-89DB-456A-A223-B124E5CD8E91}.ReleaseGuiExe|x64.ActiveCfg = ReleaseGuiExe|x64
		{C980D5DD-89DB-456A-A223-B124E5CD8E91}.ReleaseGuiExe|x64.Build.0 = ReleaseGuiExe|x64
		{C980D5DD-89DB-456A-A223-B124E5CD8E91}.ReleaseGuiExe|x86.ActiveCfg = ReleaseGuiExe|Win32
		{C980D5DD-89DB-456A-A223-B124E5CD8E91}.ReleaseGuiExe|x86.Build.0 = ReleaseGuiExe|Win32
		{C980D5DD-89DB-456A-A223-B124E5CD8E91}.ReleaseTestExe|ARM.ActiveCfg = Release|x64
		{C980D5DD-89DB-456A-A223-B124E5CD8E91}.ReleaseTestExe|ARM.Build.0 = Release|x64
		{C980D5DD-89DB-456A-A223-B124E5CD8E91}.ReleaseTestExe|x64.ActiveCfg = Release|x64
		{C980D5DD-89DB-456A-A223-B124E5CD8E91}.ReleaseTestExe|x64.Build.0 = Release|x64
		{C980D5DD-89DB-456A-A223-B124E5CD8E91}.ReleaseTestExe|x86.ActiveCfg = Release|Win32
		{C980D5DD-89DB-456A-A223-B124E5CD8E91}.ReleaseTestExe|x86.Build.0 = Release|Win32
	EndGlobalSection
	GlobalSection(SolutionProperties) = preSolution
		HideSolutionNode = FALSE
	EndGlobalSection
	GlobalSection(NestedProjects) = preSolution
		{72207EC2-FF53-409B-8AF4-A41967B50E1F} = {F9DAF2AD-66BD-481E-B54B-D3D437F73871}
		{360C68FE-CCAD-4B1B-B5EF-41774CF5E062} = {E5B88D4C-8E19-4011-8761-383054A6E859}
		{23CF85A3-F05D-4170-806B-CE3BB9F2B6C1} = {F9DAF2AD-66BD-481E-B54B-D3D437F73871}
		{758312D5-E6A0-40E8-B492-7FA90CDF1072} = {47B2131D-21E9-4660-A788-6BDFB3F08CF4}
		{97C790B9-86A6-4F2A-A15A-8EA151B8D9D7} = {47B2131D-21E9-4660-A788-6BDFB3F08CF4}
		{303CB2B0-88DA-45F8-B911-28C4103CC055} = {AF29151C-2C64-40DB-AF99-6294F4A4E33B}
		{C2797508-3962-444D-A101-082A3A06390B} = {AF29151C-2C64-40DB-AF99-6294F4A4E33B}
		{AF29151C-2C64-40DB-AF99-6294F4A4E33B} = {F9DAF2AD-66BD-481E-B54B-D3D437F73871}
		{F142A341-5EE0-442D-A15F-98AE9B48DBAE} = {E5B88D4C-8E19-4011-8761-383054A6E859}
		{DA12D044-9190-4772-A12E-1DA9A1172E1E} = {CD8D3B3E-71BA-48E7-823D-A93E85BA7E78}
		{DC8778CE-A7B0-4C83-806E-5154323B0555} = {CD8D3B3E-71BA-48E7-823D-A93E85BA7E78}
		{FE497205-CAF2-44D0-95F5-727E2F76E2B7} = {CD8D3B3E-71BA-48E7-823D-A93E85BA7E78}
		{C0A12E93-4B76-4B17-B837-37020F957AD2} = {CD8D3B3E-71BA-48E7-823D-A93E85BA7E78}
		{C980D5DD-89DB-456A-A223-B124E5CD8E91} = {E5B88D4C-8E19-4011-8761-383054A6E859}
	EndGlobalSection
	GlobalSection(ExtensibilityGlobals) = postSolution
		SolutionGuid = {E244874F-DE50-430B-9C54-5F7CE42DF22D}
	EndGlobalSection
EndGlobal
