
Microsoft Visual Studio Solution File, Format Version 12.00
# Visual Studio Version 16
VisualStudioVersion = 16.0.28803.202
MinimumVisualStudioVersion = 10.0.40219.1
Project("{8BC9CEB8-8B4A-11D0-8D11-00A0C91BC942}") = "MultiPlayer", "MultiPlayer\MultiPlayer.vcxproj", "{72207EC2-FF53-409B-8AF4-A41967B50E1F}"
EndProject
Project("{8BC9CEB8-8B4A-11D0-8D11-00A0C91BC942}") = "Test", "Test\Test.vcxproj", "{360C68FE-CCAD-4B1B-B5EF-41774CF5E062}"
EndProject
Project("{8BC9CEB8-8B4A-11D0-8D11-00A0C91BC942}") = "SDA", "SDA\SDA.vcxproj", "{23CF85A3-F05D-4170-806B-CE3BB9F2B6C1}"
EndProject
Global
	GlobalSection(SolutionConfigurationPlatforms) = preSolution
		Debug|x64 = Debug|x64
		Debug|x86 = Debug|x86
		Release|x64 = Release|x64
		Release|x86 = Release|x86
	EndGlobalSection
	GlobalSection(ProjectConfigurationPlatforms) = postSolution
		{72207EC2-FF53-409B-8AF4-A41967B50E1F}.Debug|x64.ActiveCfg = Debug|x64
		{72207EC2-FF53-409B-8AF4-A41967B50E1F}.Debug|x64.Build.0 = Debug|x64
		{72207EC2-FF53-409B-8AF4-A41967B50E1F}.Debug|x86.ActiveCfg = Debug|Win32
		{72207EC2-FF53-409B-8AF4-A41967B50E1F}.Debug|x86.Build.0 = Debug|Win32
		{72207EC2-FF53-409B-8AF4-A41967B50E1F}.Release|x64.ActiveCfg = Release|x64
		{72207EC2-FF53-409B-8AF4-A41967B50E1F}.Release|x64.Build.0 = Release|x64
		{72207EC2-FF53-409B-8AF4-A41967B50E1F}.Release|x86.ActiveCfg = Release|Win32
		{72207EC2-FF53-409B-8AF4-A41967B50E1F}.Release|x86.Build.0 = Release|Win32
		{360C68FE-CCAD-4B1B-B5EF-41774CF5E062}.Debug|x64.ActiveCfg = Debug|x64
		{360C68FE-CCAD-4B1B-B5EF-41774CF5E062}.Debug|x64.Build.0 = Debug|x64
		{360C68FE-CCAD-4B1B-B5EF-41774CF5E062}.Debug|x86.ActiveCfg = Debug|Win32
		{360C68FE-CCAD-4B1B-B5EF-41774CF5E062}.Debug|x86.Build.0 = Debug|Win32
		{360C68FE-CCAD-4B1B-B5EF-41774CF5E062}.Release|x64.ActiveCfg = Release|x64
		{360C68FE-CCAD-4B1B-B5EF-41774CF5E062}.Release|x64.Build.0 = Release|x64
		{360C68FE-CCAD-4B1B-B5EF-41774CF5E062}.Release|x86.ActiveCfg = Release|Win32
		{360C68FE-CCAD-4B1B-B5EF-41774CF5E062}.Release|x86.Build.0 = Release|Win32
		{23CF85A3-F05D-4170-806B-CE3BB9F2B6C1}.Debug|x64.ActiveCfg = Debug|x64
		{23CF85A3-F05D-4170-806B-CE3BB9F2B6C1}.Debug|x64.Build.0 = Debug|x64
		{23CF85A3-F05D-4170-806B-CE3BB9F2B6C1}.Debug|x86.ActiveCfg = Debug|Win32
		{23CF85A3-F05D-4170-806B-CE3BB9F2B6C1}.Debug|x86.Build.0 = Debug|Win32
		{23CF85A3-F05D-4170-806B-CE3BB9F2B6C1}.Release|x64.ActiveCfg = Release|x64
		{23CF85A3-F05D-4170-806B-CE3BB9F2B6C1}.Release|x64.Build.0 = Release|x64
		{23CF85A3-F05D-4170-806B-CE3BB9F2B6C1}.Release|x86.ActiveCfg = Release|Win32
		{23CF85A3-F05D-4170-806B-CE3BB9F2B6C1}.Release|x86.Build.0 = Release|Win32
	EndGlobalSection
	GlobalSection(SolutionProperties) = preSolution
		HideSolutionNode = FALSE
	EndGlobalSection
	GlobalSection(ExtensibilityGlobals) = postSolution
		SolutionGuid = {4D909F65-05A9-4FFA-A11A-BD0D06938803}
	EndGlobalSection
EndGlobal
