<?xml version="1.0" encoding="utf-8"?>
<Project ToolsVersion="4.0" xmlns="http://schemas.microsoft.com/developer/msbuild/2003">
  <ItemGroup>
    <Filter Include="Source Files">
      <UniqueIdentifier>{4FC737F1-C7A5-4376-A066-2A32D752A2FF}</UniqueIdentifier>
      <Extensions>cpp;c;cc;cxx;def;odl;idl;hpj;bat;asm;asmx</Extensions>
    </Filter>
    <Filter Include="Header Files">
      <UniqueIdentifier>{93995380-89BD-4b04-88EB-625FBE52EBFB}</UniqueIdentifier>
      <Extensions>h;hpp;hxx;hm;inl;inc;xsd</Extensions>
    </Filter>
    <Filter Include="Resource Files">
      <UniqueIdentifier>{67DA6AB6-F800-4c08-8B7A-83BB121AAD01}</UniqueIdentifier>
      <Extensions>rc;ico;cur;bmp;dlg;rc2;rct;bin;rgs;gif;jpg;jpeg;jpe;resx;tiff;tif;png;wav</Extensions>
    </Filter>
  </ItemGroup>
  <ItemGroup>
    <ClCompile Include="Common.cpp">
      <Filter>Source Files</Filter>
    </ClCompile>
    <ClCompile Include="DBGSession.cpp">
      <Filter>Source Files</Filter>
    </ClCompile>
    <ClCompile Include="DebugEventCallbacks.cpp">
      <Filter>Source Files</Filter>
    </ClCompile>
    <ClCompile Include="FileSysDirectory.cpp">
      <Filter>Source Files</Filter>
    </ClCompile>
    <ClCompile Include="FuzzwareDBG.cpp">
      <Filter>Source Files</Filter>
    </ClCompile>
    <ClCompile Include="IFuzzwareDBG_i.c">
      <Filter>Source Files</Filter>
    </ClCompile>
    <ClCompile Include="IOCallbacks.cpp">
      <Filter>Source Files</Filter>
    </ClCompile>
    <ClCompile Include="Main.cpp">
      <Filter>Source Files</Filter>
    </ClCompile>
    <ClCompile Include="OutputExceptionWriter.cpp">
      <Filter>Source Files</Filter>
    </ClCompile>
    <ClCompile Include="Registration.cpp">
      <Filter>Source Files</Filter>
    </ClCompile>
  </ItemGroup>
  <ItemGroup>
    <Midl Include="IFuzzwareDBG.idl">
      <Filter>Source Files</Filter>
    </Midl>
  </ItemGroup>
  <ItemGroup>
    <ClInclude Include="Common.h">
      <Filter>Header Files</Filter>
    </ClInclude>
    <ClInclude Include="C:\debuggers\sdk\inc\dbgeng.h">
      <Filter>Header Files</Filter>
    </ClInclude>
    <ClInclude Include="DBGSession.hpp">
      <Filter>Header Files</Filter>
    </ClInclude>
    <ClInclude Include="DebugEventCallbacks.hpp">
      <Filter>Header Files</Filter>
    </ClInclude>
    <ClInclude Include="FileSysDirectory.hpp">
      <Filter>Header Files</Filter>
    </ClInclude>
    <ClInclude Include="FuzzwareDBG.hpp">
      <Filter>Header Files</Filter>
    </ClInclude>
    <ClInclude Include="FuzzwareDBGClass.hpp">
      <Filter>Header Files</Filter>
    </ClInclude>
    <ClInclude Include="IFuzzwareDBG_h.h">
      <Filter>Header Files</Filter>
    </ClInclude>
    <ClInclude Include="IOCallbacks.hpp">
      <Filter>Header Files</Filter>
    </ClInclude>
    <ClInclude Include="OutputExceptionWriter.hpp">
      <Filter>Header Files</Filter>
    </ClInclude>
    <ClInclude Include="Registration.h">
      <Filter>Header Files</Filter>
    </ClInclude>
  </ItemGroup>
</Project>