<?xml version="1.0" encoding="utf-8"?>
<Project ToolsVersion="15.0" xmlns="http://schemas.microsoft.com/developer/msbuild/2003">
  <ItemGroup>
    <ClCompile Include="C:\Bullet\bullet3-2.86.1\src\LinearMath\btAlignedAllocator.cpp">
      <Filter>Source Files</Filter>
    </ClCompile>
    <ClCompile Include="C:\Bullet\bullet3-2.86.1\src\LinearMath\btConvexHull.cpp">
      <Filter>Source Files</Filter>
    </ClCompile>
    <ClCompile Include="C:\Bullet\bullet3-2.86.1\src\LinearMath\btConvexHullComputer.cpp">
      <Filter>Source Files</Filter>
    </ClCompile>
    <ClCompile Include="C:\Bullet\bullet3-2.86.1\src\LinearMath\btGeometryUtil.cpp">
      <Filter>Source Files</Filter>
    </ClCompile>
    <ClCompile Include="C:\Bullet\bullet3-2.86.1\src\LinearMath\btPolarDecomposition.cpp">
      <Filter>Source Files</Filter>
    </ClCompile>
    <ClCompile Include="C:\Bullet\bullet3-2.86.1\src\LinearMath\btQuickprof.cpp">
      <Filter>Source Files</Filter>
    </ClCompile>
    <ClCompile Include="C:\Bullet\bullet3-2.86.1\src\LinearMath\btSerializer.cpp">
      <Filter>Source Files</Filter>
    </ClCompile>
    <ClCompile Include="C:\Bullet\bullet3-2.86.1\src\LinearMath\btThreads.cpp">
      <Filter>Source Files</Filter>
    </ClCompile>
    <ClCompile Include="C:\Bullet\bullet3-2.86.1\src\LinearMath\btVector3.cpp">
      <Filter>Source Files</Filter>
    </ClCompile>
  </ItemGroup>
  <ItemGroup>
    <ClInclude Include="C:\Bullet\bullet3-2.86.1\src\LinearMath\btAabbUtil2.h">
      <Filter>Header Files</Filter>
    </ClInclude>
    <ClInclude Include="C:\Bullet\bullet3-2.86.1\src\LinearMath\btAlignedAllocator.h">
      <Filter>Header Files</Filter>
    </ClInclude>
    <ClInclude Include="C:\Bullet\bullet3-2.86.1\src\LinearMath\btAlignedObjectArray.h">
      <Filter>Header Files</Filter>
    </ClInclude>
    <ClInclude Include="C:\Bullet\bullet3-2.86.1\src\LinearMath\btConvexHull.h">
      <Filter>Header Files</Filter>
    </ClInclude>
    <ClInclude Include="C:\Bullet\bullet3-2.86.1\src\LinearMath\btConvexHullComputer.h">
      <Filter>Header Files</Filter>
    </ClInclude>
    <ClInclude Include="C:\Bullet\bullet3-2.86.1\src\LinearMath\btDefaultMotionState.h">
      <Filter>Header Files</Filter>
    </ClInclude>
    <ClInclude Include="C:\Bullet\bullet3-2.86.1\src\LinearMath\btGeometryUtil.h">
      <Filter>Header Files</Filter>
    </ClInclude>
    <ClInclude Include="C:\Bullet\bullet3-2.86.1\src\LinearMath\btGrahamScan2dConvexHull.h">
      <Filter>Header Files</Filter>
    </ClInclude>
    <ClInclude Include="C:\Bullet\bullet3-2.86.1\src\LinearMath\btHashMap.h">
      <Filter>Header Files</Filter>
    </ClInclude>
    <ClInclude Include="C:\Bullet\bullet3-2.86.1\src\LinearMath\btIDebugDraw.h">
      <Filter>Header Files</Filter>
    </ClInclude>
    <ClInclude Include="C:\Bullet\bullet3-2.86.1\src\LinearMath\btList.h">
      <Filter>Header Files</Filter>
    </ClInclude>
    <ClInclude Include="C:\Bullet\bullet3-2.86.1\src\LinearMath\btMatrix3x3.h">
      <Filter>Header Files</Filter>
    </ClInclude>
    <ClInclude Include="C:\Bullet\bullet3-2.86.1\src\LinearMath\btMinMax.h">
      <Filter>Header Files</Filter>
    </ClInclude>
    <ClInclude Include="C:\Bullet\bullet3-2.86.1\src\LinearMath\btMotionState.h">
      <Filter>Header Files</Filter>
    </ClInclude>
    <ClInclude Include="C:\Bullet\bullet3-2.86.1\src\LinearMath\btPolarDecomposition.h">
      <Filter>Header Files</Filter>
    </ClInclude>
    <ClInclude Include="C:\Bullet\bullet3-2.86.1\src\LinearMath\btPoolAllocator.h">
      <Filter>Header Files</Filter>
    </ClInclude>
    <ClInclude Include="C:\Bullet\bullet3-2.86.1\src\LinearMath\btQuadWord.h">
      <Filter>Header Files</Filter>
    </ClInclude>
    <ClInclude Include="C:\Bullet\bullet3-2.86.1\src\LinearMath\btQuaternion.h">
      <Filter>Header Files</Filter>
    </ClInclude>
    <ClInclude Include="C:\Bullet\bullet3-2.86.1\src\LinearMath\btQuickprof.h">
      <Filter>Header Files</Filter>
    </ClInclude>
    <ClInclude Include="C:\Bullet\bullet3-2.86.1\src\LinearMath\btRandom.h">
      <Filter>Header Files</Filter>
    </ClInclude>
    <ClInclude Include="C:\Bullet\bullet3-2.86.1\src\LinearMath\btScalar.h">
      <Filter>Header Files</Filter>
    </ClInclude>
    <ClInclude Include="C:\Bullet\bullet3-2.86.1\src\LinearMath\btSerializer.h">
      <Filter>Header Files</Filter>
    </ClInclude>
    <ClInclude Include="C:\Bullet\bullet3-2.86.1\src\LinearMath\btStackAlloc.h">
      <Filter>Header Files</Filter>
    </ClInclude>
    <ClInclude Include="C:\Bullet\bullet3-2.86.1\src\LinearMath\btThreads.h">
      <Filter>Header Files</Filter>
    </ClInclude>
    <ClInclude Include="C:\Bullet\bullet3-2.86.1\src\LinearMath\btTransform.h">
      <Filter>Header Files</Filter>
    </ClInclude>
    <ClInclude Include="C:\Bullet\bullet3-2.86.1\src\LinearMath\btTransformUtil.h">
      <Filter>Header Files</Filter>
    </ClInclude>
    <ClInclude Include="C:\Bullet\bullet3-2.86.1\src\LinearMath\btVector3.h">
      <Filter>Header Files</Filter>
    </ClInclude>
  </ItemGroup>
  <ItemGroup>
    <CustomBuild Include="C:\Bullet\bullet3-2.86.1\src\LinearMath\CMakeLists.txt" />
  </ItemGroup>
  <ItemGroup>
    <Filter Include="Header Files">
      <UniqueIdentifier>{ABCC0203-6498-32E6-9825-8F9604E7109B}</UniqueIdentifier>
    </Filter>
    <Filter Include="Source Files">
      <UniqueIdentifier>{3EC06BC2-D7F9-374A-B3FF-AC4E77A07994}</UniqueIdentifier>
    </Filter>
  </ItemGroup>
</Project>
